// !$*UTF8*$!
{
	archiveVersion = 1;
	classes = {
	};
	objectVersion = 55;
	objects = {

/* Begin PBXBuildFile section */
		0F706DC9AB39106428BE3804 /* libPods-YueQiu.a in Frameworks */ = {isa = PBXBuildFile; fileRef = 00023D1DA489CE6D13147DAC /* libPods-YueQiu.a */; };
		8315BF11279BFE24007CBAD8 /* huifu.png in Resources */ = {isa = PBXBuildFile; fileRef = 8315BF10279BFE24007CBAD8 /* huifu.png */; };
		83252C4A27E573AF00BAEAAB /* LandJSONModel.m in Sources */ = {isa = PBXBuildFile; fileRef = 83252C4927E573AF00BAEAAB /* LandJSONModel.m */; };
		83252C4D27E573C300BAEAAB /* LandModel.m in Sources */ = {isa = PBXBuildFile; fileRef = 83252C4C27E573C300BAEAAB /* LandModel.m */; };
		83255A4527DC2C7400A37C5F /* daohang.png in Resources */ = {isa = PBXBuildFile; fileRef = 83255A4427DC2C7400A37C5F /* daohang.png */; };
		83255A4C27DC9D7400A37C5F /* UUIDStrengthen.m in Sources */ = {isa = PBXBuildFile; fileRef = 83255A4B27DC9D7400A37C5F /* UUIDStrengthen.m */; };
		8325A65E2796572A0060E916 /* LandViewController.m in Sources */ = {isa = PBXBuildFile; fileRef = 8325A65D2796572A0060E916 /* LandViewController.m */; };
		8325A6612796573C0060E916 /* LandView.m in Sources */ = {isa = PBXBuildFile; fileRef = 8325A6602796573C0060E916 /* LandView.m */; };
		8325A6642796C2F50060E916 /* lanqiu-copy.png in Resources */ = {isa = PBXBuildFile; fileRef = 8325A6632796C2F50060E916 /* lanqiu-copy.png */; };
		8325A6662796C6C50060E916 /* startUP.png in Resources */ = {isa = PBXBuildFile; fileRef = 8325A6652796C6C50060E916 /* startUP.png */; };
		8333B12427C3244200858A48 /* ReserveView.m in Sources */ = {isa = PBXBuildFile; fileRef = 8333B12327C3244200858A48 /* ReserveView.m */; };
		8333B12727C3245300858A48 /* ReserveViewController.m in Sources */ = {isa = PBXBuildFile; fileRef = 8333B12627C3245300858A48 /* ReserveViewController.m */; };
		833639CC27C4B76A0020D864 /* weizhi.png in Resources */ = {isa = PBXBuildFile; fileRef = 833639C827C4B76A0020D864 /* weizhi.png */; };
		833639CD27C4B76A0020D864 /* qian.png in Resources */ = {isa = PBXBuildFile; fileRef = 833639C927C4B76A0020D864 /* qian.png */; };
		833639CE27C4B76A0020D864 /* shijian.png in Resources */ = {isa = PBXBuildFile; fileRef = 833639CA27C4B76A0020D864 /* shijian.png */; };
		833639CF27C4B76A0020D864 /* dianhua.png in Resources */ = {isa = PBXBuildFile; fileRef = 833639CB27C4B76A0020D864 /* dianhua.png */; };
		83370A8327BF71D000A1889D /* yanzhengma.png in Resources */ = {isa = PBXBuildFile; fileRef = 83370A8227BF71CF00A1889D /* yanzhengma.png */; };
		83370A8627BF726D00A1889D /* yuechi.png in Resources */ = {isa = PBXBuildFile; fileRef = 83370A8427BF726D00A1889D /* yuechi.png */; };
		83370A8727BF726D00A1889D /* tubiao202.png in Resources */ = {isa = PBXBuildFile; fileRef = 83370A8527BF726D00A1889D /* tubiao202.png */; };
		83370A8A27BF7ABC00A1889D /* xuanzeweixuanze.png in Resources */ = {isa = PBXBuildFile; fileRef = 83370A8827BF7ABC00A1889D /* xuanzeweixuanze.png */; };
		83370A8B27BF7ABC00A1889D /* xuanzeyixuanze.png in Resources */ = {isa = PBXBuildFile; fileRef = 83370A8927BF7ABC00A1889D /* xuanzeyixuanze.png */; };
		83370A9127BF8E3200A1889D /* SetPasswordView.m in Sources */ = {isa = PBXBuildFile; fileRef = 83370A9027BF8E3200A1889D /* SetPasswordView.m */; };
		83370A9827BF8E6300A1889D /* SetPasswordViewController.m in Sources */ = {isa = PBXBuildFile; fileRef = 83370A9727BF8E6300A1889D /* SetPasswordViewController.m */; };
		8344FC8A27BE1DD000C534D5 /* RegisterView.m in Sources */ = {isa = PBXBuildFile; fileRef = 8344FC8927BE1DD000C534D5 /* RegisterView.m */; };
		8344FC8D27BE1DE900C534D5 /* RegisterViewController.m in Sources */ = {isa = PBXBuildFile; fileRef = 8344FC8C27BE1DE900C534D5 /* RegisterViewController.m */; };
		8344FC9327BE207E00C534D5 /* ForgetView.m in Sources */ = {isa = PBXBuildFile; fileRef = 8344FC9227BE207E00C534D5 /* ForgetView.m */; };
		8344FC9627BE208C00C534D5 /* ForgetViewController.m in Sources */ = {isa = PBXBuildFile; fileRef = 8344FC9527BE208C00C534D5 /* ForgetViewController.m */; };
		8344FC9C27BE269D00C534D5 /* fanhui2.png in Resources */ = {isa = PBXBuildFile; fileRef = 8344FC9B27BE269D00C534D5 /* fanhui2.png */; };
		8346A8C827DDB9B600D99BD7 /* SendMessageJSONModel.m in Sources */ = {isa = PBXBuildFile; fileRef = 8346A8C727DDB9B600D99BD7 /* SendMessageJSONModel.m */; };
		8346A8CB27DDB9E500D99BD7 /* SendMessageManager.m in Sources */ = {isa = PBXBuildFile; fileRef = 8346A8CA27DDB9E500D99BD7 /* SendMessageManager.m */; };
		8347BCBB278C2FD300466606 /* CourseTableViewCell.m in Sources */ = {isa = PBXBuildFile; fileRef = 8347BCBA278C2FD300466606 /* CourseTableViewCell.m */; };
		8347BCBD278C35BB00466606 /* 2-1.png in Resources */ = {isa = PBXBuildFile; fileRef = 8347BCBC278C35BB00466606 /* 2-1.png */; };
		837B7134279A667100DBD856 /* jia.png in Resources */ = {isa = PBXBuildFile; fileRef = 837B7133279A667100DBD856 /* jia.png */; };
		837B7139279A66BB00DBD856 /* renzheng1-copy.png in Resources */ = {isa = PBXBuildFile; fileRef = 837B7135279A66BB00DBD856 /* renzheng1-copy.png */; };
		837B713A279A66BB00DBD856 /* naozhong-copy.png in Resources */ = {isa = PBXBuildFile; fileRef = 837B7136279A66BB00DBD856 /* naozhong-copy.png */; };
		837B713B279A66BB00DBD856 /* yonghu.png in Resources */ = {isa = PBXBuildFile; fileRef = 837B7137279A66BB00DBD856 /* yonghu.png */; };
		837B713C279A66BB00DBD856 /* didian.png in Resources */ = {isa = PBXBuildFile; fileRef = 837B7138279A66BB00DBD856 /* didian.png */; };
		837B713F279AAAAB00DBD856 /* BoutiqueView.m in Sources */ = {isa = PBXBuildFile; fileRef = 837B713E279AAAAB00DBD856 /* BoutiqueView.m */; };
		837B7142279AAAD000DBD856 /* FollowView.m in Sources */ = {isa = PBXBuildFile; fileRef = 837B7141279AAAD000DBD856 /* FollowView.m */; };
		837B7146279AAD3800DBD856 /* NewsTableViewCell.m in Sources */ = {isa = PBXBuildFile; fileRef = 837B7145279AAD3800DBD856 /* NewsTableViewCell.m */; };
		837B7148279AB3E500DBD856 /* gengduo.png in Resources */ = {isa = PBXBuildFile; fileRef = 837B7147279AB3E500DBD856 /* gengduo.png */; };
		837B714A279AB8C600DBD856 /* neirong.png in Resources */ = {isa = PBXBuildFile; fileRef = 837B7149279AB8C600DBD856 /* neirong.png */; };
		8384B4AA2792C34D00282E66 /* CourseDataModel.m in Sources */ = {isa = PBXBuildFile; fileRef = 8384B4A92792C34D00282E66 /* CourseDataModel.m */; };
		83C798662789BDFE000F68C1 /* AppDelegate.m in Sources */ = {isa = PBXBuildFile; fileRef = 83C798652789BDFE000F68C1 /* AppDelegate.m */; };
		83C798692789BDFE000F68C1 /* SceneDelegate.m in Sources */ = {isa = PBXBuildFile; fileRef = 83C798682789BDFE000F68C1 /* SceneDelegate.m */; };
		83C7986C2789BDFE000F68C1 /* ViewController.m in Sources */ = {isa = PBXBuildFile; fileRef = 83C7986B2789BDFE000F68C1 /* ViewController.m */; };
		83C7986F2789BDFE000F68C1 /* Main.storyboard in Resources */ = {isa = PBXBuildFile; fileRef = 83C7986D2789BDFE000F68C1 /* Main.storyboard */; };
		83C798712789BE00000F68C1 /* Assets.xcassets in Resources */ = {isa = PBXBuildFile; fileRef = 83C798702789BE00000F68C1 /* Assets.xcassets */; };
		83C798742789BE00000F68C1 /* LaunchScreen.storyboard in Resources */ = {isa = PBXBuildFile; fileRef = 83C798722789BE00000F68C1 /* LaunchScreen.storyboard */; };
		83C798772789BE00000F68C1 /* main.m in Sources */ = {isa = PBXBuildFile; fileRef = 83C798762789BE00000F68C1 /* main.m */; };
		83C798812789BE00000F68C1 /* YueQiuTests.m in Sources */ = {isa = PBXBuildFile; fileRef = 83C798802789BE00000F68C1 /* YueQiuTests.m */; };
		83C7988B2789BE00000F68C1 /* YueQiuUITests.m in Sources */ = {isa = PBXBuildFile; fileRef = 83C7988A2789BE00000F68C1 /* YueQiuUITests.m */; };
		83C7988D2789BE00000F68C1 /* YueQiuUITestsLaunchTests.m in Sources */ = {isa = PBXBuildFile; fileRef = 83C7988C2789BE00000F68C1 /* YueQiuUITestsLaunchTests.m */; };
		83C798B42789C094000F68C1 /* HomePageViewController.m in Sources */ = {isa = PBXBuildFile; fileRef = 83C798B32789C094000F68C1 /* HomePageViewController.m */; };
		83C798B72789C0A9000F68C1 /* HomePageMModel.m in Sources */ = {isa = PBXBuildFile; fileRef = 83C798B62789C0A9000F68C1 /* HomePageMModel.m */; };
		83C798BA2789C0B1000F68C1 /* HomePageUIView.m in Sources */ = {isa = PBXBuildFile; fileRef = 83C798B82789C0B1000F68C1 /* HomePageUIView.m */; };
		83C798BD2789C0CC000F68C1 /* MyViewController.m in Sources */ = {isa = PBXBuildFile; fileRef = 83C798BB2789C0CB000F68C1 /* MyViewController.m */; };
		83C798C02789C0D9000F68C1 /* NewsViewController.m in Sources */ = {isa = PBXBuildFile; fileRef = 83C798BE2789C0D9000F68C1 /* NewsViewController.m */; };
		83C798C32789C0ED000F68C1 /* TrainViewController.m in Sources */ = {isa = PBXBuildFile; fileRef = 83C798C22789C0ED000F68C1 /* TrainViewController.m */; };
		83C798C62789C0F9000F68C1 /* ShowProjectTableViewCell.m in Sources */ = {isa = PBXBuildFile; fileRef = 83C798C42789C0F9000F68C1 /* ShowProjectTableViewCell.m */; };
		83C798C92789C100000F68C1 /* TrainView.m in Sources */ = {isa = PBXBuildFile; fileRef = 83C798C72789C100000F68C1 /* TrainView.m */; };
		83C798CD2789C1A6000F68C1 /* 3.jpg in Resources */ = {isa = PBXBuildFile; fileRef = 83C798CC2789C1A6000F68C1 /* 3.jpg */; };
		83EA825D27CCB33A00B19CF3 /* charuhengxian-line-currency-Inserthorizontalline.png in Resources */ = {isa = PBXBuildFile; fileRef = 83EA825C27CCB33A00B19CF3 /* charuhengxian-line-currency-Inserthorizontalline.png */; };
		83EA825F27CCB3C800B19CF3 /* kongbai.png in Resources */ = {isa = PBXBuildFile; fileRef = 83EA825E27CCB3C800B19CF3 /* kongbai.png */; };
		83EA826227CCB9A000B19CF3 /* Releasefanhui.png in Resources */ = {isa = PBXBuildFile; fileRef = 83EA826127CCB9A000B19CF3 /* Releasefanhui.png */; };
		83FB1A5627CA294B005D6292 /* ReleaseGameView.m in Sources */ = {isa = PBXBuildFile; fileRef = 83FB1A5527CA294B005D6292 /* ReleaseGameView.m */; };
		83FB1A5927CA2959005D6292 /* ReleaseGameViewController.m in Sources */ = {isa = PBXBuildFile; fileRef = 83FB1A5827CA2959005D6292 /* ReleaseGameViewController.m */; };
		CC1A7B2D2789C86C0040B39D /* HomePageTableViewCell.m in Sources */ = {isa = PBXBuildFile; fileRef = CC1A7B2C2789C86C0040B39D /* HomePageTableViewCell.m */; };
		CC43FD1427E35BDF00CB1AE0 /* ForgetJsonModel.m in Sources */ = {isa = PBXBuildFile; fileRef = CC43FD1327E35BDF00CB1AE0 /* ForgetJsonModel.m */; };
		CC43FD1727E35C1700CB1AE0 /* ForgetManager.m in Sources */ = {isa = PBXBuildFile; fileRef = CC43FD1627E35C1700CB1AE0 /* ForgetManager.m */; };
		CC43FD1B27E366AB00CB1AE0 /* SetPasswordJsonModel.m in Sources */ = {isa = PBXBuildFile; fileRef = CC43FD1A27E366AB00CB1AE0 /* SetPasswordJsonModel.m */; };
		CC43FD1E27E366CB00CB1AE0 /* SetPasswordManager.m in Sources */ = {isa = PBXBuildFile; fileRef = CC43FD1D27E366CB00CB1AE0 /* SetPasswordManager.m */; };
		CC5ABFE927C4D15F00D548CB /* shanchu.png in Resources */ = {isa = PBXBuildFile; fileRef = CC5ABFE127C4D15F00D548CB /* shanchu.png */; };
		CC5ABFEA27C4D15F00D548CB /* yinsi.png in Resources */ = {isa = PBXBuildFile; fileRef = CC5ABFE227C4D15F00D548CB /* yinsi.png */; };
		CC5ABFEB27C4D15F00D548CB /* yejianmoshi.png in Resources */ = {isa = PBXBuildFile; fileRef = CC5ABFE327C4D15F00D548CB /* yejianmoshi.png */; };
		CC5ABFEC27C4D15F00D548CB /* qiehuanzhanghao.png in Resources */ = {isa = PBXBuildFile; fileRef = CC5ABFE427C4D15F00D548CB /* qiehuanzhanghao.png */; };
		CC5ABFED27C4D15F00D548CB /* fankui.png in Resources */ = {isa = PBXBuildFile; fileRef = CC5ABFE527C4D15F00D548CB /* fankui.png */; };
		CC5ABFEE27C4D15F00D548CB /* tongzhi.png in Resources */ = {isa = PBXBuildFile; fileRef = CC5ABFE627C4D15F00D548CB /* tongzhi.png */; };
		CC5ABFEF27C4D15F00D548CB /* tuichudenglu.png in Resources */ = {isa = PBXBuildFile; fileRef = CC5ABFE727C4D15F00D548CB /* tuichudenglu.png */; };
		CC5ABFF027C4D15F00D548CB /* zhanghaoyuanquan.png in Resources */ = {isa = PBXBuildFile; fileRef = CC5ABFE827C4D15F00D548CB /* zhanghaoyuanquan.png */; };
		CC5ABFF327C4D17E00D548CB /* SettingView.m in Sources */ = {isa = PBXBuildFile; fileRef = CC5ABFF227C4D17E00D548CB /* SettingView.m */; };
		CC5ABFF627C4D19700D548CB /* SettingCell.m in Sources */ = {isa = PBXBuildFile; fileRef = CC5ABFF527C4D19700D548CB /* SettingCell.m */; };
		CC5ABFF927C4D1E000D548CB /* SettingController.m in Sources */ = {isa = PBXBuildFile; fileRef = CC5ABFF827C4D1E000D548CB /* SettingController.m */; };
		CC6C5FF627CE3A90004767FD /* city.png in Resources */ = {isa = PBXBuildFile; fileRef = CC6C5FF527CE3A90004767FD /* city.png */; };
		CC89C27D27C2513C0096C12D /* MyCollectStadiumController.m in Sources */ = {isa = PBXBuildFile; fileRef = CC89C27C27C2513C0096C12D /* MyCollectStadiumController.m */; };
		CC89C28027C2515D0096C12D /* MyCourseViewController.m in Sources */ = {isa = PBXBuildFile; fileRef = CC89C27F27C2515D0096C12D /* MyCourseViewController.m */; };
		CC89C28327C251770096C12D /* MyCourseView.m in Sources */ = {isa = PBXBuildFile; fileRef = CC89C28227C251770096C12D /* MyCourseView.m */; };
		CC89C28627C2518C0096C12D /* MyCollectStadiumView.m in Sources */ = {isa = PBXBuildFile; fileRef = CC89C28527C2518C0096C12D /* MyCollectStadiumView.m */; };
		CC89C28927C251B20096C12D /* CourseAndStadiumCell.m in Sources */ = {isa = PBXBuildFile; fileRef = CC89C28827C251B20096C12D /* CourseAndStadiumCell.m */; };
		CCFA4B9427AAF3BB00F2BB18 /* HQBSearchView.m in Sources */ = {isa = PBXBuildFile; fileRef = CCFA4B9327AAF3BB00F2BB18 /* HQBSearchView.m */; };
		CCFA4B9727AAF49700F2BB18 /* HQBSearchViewController.m in Sources */ = {isa = PBXBuildFile; fileRef = CCFA4B9627AAF49700F2BB18 /* HQBSearchViewController.m */; };
		CCFA4B9C27AAF5D500F2BB18 /* sousuo.png in Resources */ = {isa = PBXBuildFile; fileRef = CCFA4B9B27AAF5D500F2BB18 /* sousuo.png */; };
		CCFA4BA427ABB9EF00F2BB18 /* MyTableViewCell.m in Sources */ = {isa = PBXBuildFile; fileRef = CCFA4BA327ABB9EF00F2BB18 /* MyTableViewCell.m */; };
		CCFA4BA927AE5C5B00F2BB18 /* beijing.jpeg in Resources */ = {isa = PBXBuildFile; fileRef = CCFA4BA827AE5C5B00F2BB18 /* beijing.jpeg */; };
		CCFA4BAB27AE664200F2BB18 /* head.jpeg in Resources */ = {isa = PBXBuildFile; fileRef = CCFA4BAA27AE664200F2BB18 /* head.jpeg */; };
		CCFA4BB127AE809F00F2BB18 /* more.png in Resources */ = {isa = PBXBuildFile; fileRef = CCFA4BB027AE809F00F2BB18 /* more.png */; };
		CCFA4BB327AEBD3600F2BB18 /* dingwei.png in Resources */ = {isa = PBXBuildFile; fileRef = CCFA4BB227AEBD3600F2BB18 /* dingwei.png */; };
/* End PBXBuildFile section */

/* Begin PBXContainerItemProxy section */
		83C7987D2789BE00000F68C1 /* PBXContainerItemProxy */ = {
			isa = PBXContainerItemProxy;
			containerPortal = 83C798592789BDFE000F68C1 /* Project object */;
			proxyType = 1;
			remoteGlobalIDString = 83C798602789BDFE000F68C1;
			remoteInfo = YueQiu;
		};
		83C798872789BE00000F68C1 /* PBXContainerItemProxy */ = {
			isa = PBXContainerItemProxy;
			containerPortal = 83C798592789BDFE000F68C1 /* Project object */;
			proxyType = 1;
			remoteGlobalIDString = 83C798602789BDFE000F68C1;
			remoteInfo = YueQiu;
		};
/* End PBXContainerItemProxy section */

/* Begin PBXFileReference section */
		00023D1DA489CE6D13147DAC /* libPods-YueQiu.a */ = {isa = PBXFileReference; explicitFileType = archive.ar; includeInIndex = 0; path = "libPods-YueQiu.a"; sourceTree = BUILT_PRODUCTS_DIR; };
		345100254D96E374567F3D9D /* Pods-YueQiu.release.xcconfig */ = {isa = PBXFileReference; includeInIndex = 1; lastKnownFileType = text.xcconfig; name = "Pods-YueQiu.release.xcconfig"; path = "Target Support Files/Pods-YueQiu/Pods-YueQiu.release.xcconfig"; sourceTree = "<group>"; };
		5EC636371D8C5092569DC7A8 /* Pods-YueQiu.debug.xcconfig */ = {isa = PBXFileReference; includeInIndex = 1; lastKnownFileType = text.xcconfig; name = "Pods-YueQiu.debug.xcconfig"; path = "Target Support Files/Pods-YueQiu/Pods-YueQiu.debug.xcconfig"; sourceTree = "<group>"; };
		8315BF10279BFE24007CBAD8 /* huifu.png */ = {isa = PBXFileReference; lastKnownFileType = image.png; path = huifu.png; sourceTree = "<group>"; };
		83252C4827E573AF00BAEAAB /* LandJSONModel.h */ = {isa = PBXFileReference; lastKnownFileType = sourcecode.c.h; path = LandJSONModel.h; sourceTree = "<group>"; };
		83252C4927E573AF00BAEAAB /* LandJSONModel.m */ = {isa = PBXFileReference; lastKnownFileType = sourcecode.c.objc; path = LandJSONModel.m; sourceTree = "<group>"; };
		83252C4B27E573C300BAEAAB /* LandModel.h */ = {isa = PBXFileReference; lastKnownFileType = sourcecode.c.h; path = LandModel.h; sourceTree = "<group>"; };
		83252C4C27E573C300BAEAAB /* LandModel.m */ = {isa = PBXFileReference; lastKnownFileType = sourcecode.c.objc; path = LandModel.m; sourceTree = "<group>"; };
		83255A4427DC2C7400A37C5F /* daohang.png */ = {isa = PBXFileReference; lastKnownFileType = image.png; path = daohang.png; sourceTree = "<group>"; };
		83255A4A27DC9D7400A37C5F /* UUIDStrengthen.h */ = {isa = PBXFileReference; lastKnownFileType = sourcecode.c.h; path = UUIDStrengthen.h; sourceTree = "<group>"; };
		83255A4B27DC9D7400A37C5F /* UUIDStrengthen.m */ = {isa = PBXFileReference; lastKnownFileType = sourcecode.c.objc; path = UUIDStrengthen.m; sourceTree = "<group>"; };
		8325A65C2796572A0060E916 /* LandViewController.h */ = {isa = PBXFileReference; lastKnownFileType = sourcecode.c.h; path = LandViewController.h; sourceTree = "<group>"; };
		8325A65D2796572A0060E916 /* LandViewController.m */ = {isa = PBXFileReference; lastKnownFileType = sourcecode.c.objc; path = LandViewController.m; sourceTree = "<group>"; };
		8325A65F2796573C0060E916 /* LandView.h */ = {isa = PBXFileReference; lastKnownFileType = sourcecode.c.h; path = LandView.h; sourceTree = "<group>"; };
		8325A6602796573C0060E916 /* LandView.m */ = {isa = PBXFileReference; lastKnownFileType = sourcecode.c.objc; path = LandView.m; sourceTree = "<group>"; };
		8325A6632796C2F50060E916 /* lanqiu-copy.png */ = {isa = PBXFileReference; lastKnownFileType = image.png; path = "lanqiu-copy.png"; sourceTree = "<group>"; };
		8325A6652796C6C50060E916 /* startUP.png */ = {isa = PBXFileReference; lastKnownFileType = image.png; path = startUP.png; sourceTree = "<group>"; };
		8333B12227C3244200858A48 /* ReserveView.h */ = {isa = PBXFileReference; lastKnownFileType = sourcecode.c.h; path = ReserveView.h; sourceTree = "<group>"; };
		8333B12327C3244200858A48 /* ReserveView.m */ = {isa = PBXFileReference; lastKnownFileType = sourcecode.c.objc; path = ReserveView.m; sourceTree = "<group>"; };
		8333B12527C3245300858A48 /* ReserveViewController.h */ = {isa = PBXFileReference; lastKnownFileType = sourcecode.c.h; path = ReserveViewController.h; sourceTree = "<group>"; };
		8333B12627C3245300858A48 /* ReserveViewController.m */ = {isa = PBXFileReference; lastKnownFileType = sourcecode.c.objc; path = ReserveViewController.m; sourceTree = "<group>"; };
		833639C827C4B76A0020D864 /* weizhi.png */ = {isa = PBXFileReference; lastKnownFileType = image.png; path = weizhi.png; sourceTree = "<group>"; };
		833639C927C4B76A0020D864 /* qian.png */ = {isa = PBXFileReference; lastKnownFileType = image.png; path = qian.png; sourceTree = "<group>"; };
		833639CA27C4B76A0020D864 /* shijian.png */ = {isa = PBXFileReference; lastKnownFileType = image.png; path = shijian.png; sourceTree = "<group>"; };
		833639CB27C4B76A0020D864 /* dianhua.png */ = {isa = PBXFileReference; lastKnownFileType = image.png; path = dianhua.png; sourceTree = "<group>"; };
		83370A8227BF71CF00A1889D /* yanzhengma.png */ = {isa = PBXFileReference; lastKnownFileType = image.png; path = yanzhengma.png; sourceTree = "<group>"; };
		83370A8427BF726D00A1889D /* yuechi.png */ = {isa = PBXFileReference; lastKnownFileType = image.png; path = yuechi.png; sourceTree = "<group>"; };
		83370A8527BF726D00A1889D /* tubiao202.png */ = {isa = PBXFileReference; lastKnownFileType = image.png; path = tubiao202.png; sourceTree = "<group>"; };
		83370A8827BF7ABC00A1889D /* xuanzeweixuanze.png */ = {isa = PBXFileReference; lastKnownFileType = image.png; path = xuanzeweixuanze.png; sourceTree = "<group>"; };
		83370A8927BF7ABC00A1889D /* xuanzeyixuanze.png */ = {isa = PBXFileReference; lastKnownFileType = image.png; path = xuanzeyixuanze.png; sourceTree = "<group>"; };
		83370A8F27BF8E3200A1889D /* SetPasswordView.h */ = {isa = PBXFileReference; lastKnownFileType = sourcecode.c.h; path = SetPasswordView.h; sourceTree = "<group>"; };
		83370A9027BF8E3200A1889D /* SetPasswordView.m */ = {isa = PBXFileReference; lastKnownFileType = sourcecode.c.objc; path = SetPasswordView.m; sourceTree = "<group>"; };
		83370A9627BF8E6300A1889D /* SetPasswordViewController.h */ = {isa = PBXFileReference; lastKnownFileType = sourcecode.c.h; path = SetPasswordViewController.h; sourceTree = "<group>"; };
		83370A9727BF8E6300A1889D /* SetPasswordViewController.m */ = {isa = PBXFileReference; lastKnownFileType = sourcecode.c.objc; path = SetPasswordViewController.m; sourceTree = "<group>"; };
		8344FC8827BE1DD000C534D5 /* RegisterView.h */ = {isa = PBXFileReference; lastKnownFileType = sourcecode.c.h; path = RegisterView.h; sourceTree = "<group>"; };
		8344FC8927BE1DD000C534D5 /* RegisterView.m */ = {isa = PBXFileReference; lastKnownFileType = sourcecode.c.objc; path = RegisterView.m; sourceTree = "<group>"; };
		8344FC8B27BE1DE900C534D5 /* RegisterViewController.h */ = {isa = PBXFileReference; lastKnownFileType = sourcecode.c.h; path = RegisterViewController.h; sourceTree = "<group>"; };
		8344FC8C27BE1DE900C534D5 /* RegisterViewController.m */ = {isa = PBXFileReference; lastKnownFileType = sourcecode.c.objc; path = RegisterViewController.m; sourceTree = "<group>"; };
		8344FC9127BE207E00C534D5 /* ForgetView.h */ = {isa = PBXFileReference; lastKnownFileType = sourcecode.c.h; path = ForgetView.h; sourceTree = "<group>"; };
		8344FC9227BE207E00C534D5 /* ForgetView.m */ = {isa = PBXFileReference; lastKnownFileType = sourcecode.c.objc; path = ForgetView.m; sourceTree = "<group>"; };
		8344FC9427BE208C00C534D5 /* ForgetViewController.h */ = {isa = PBXFileReference; lastKnownFileType = sourcecode.c.h; path = ForgetViewController.h; sourceTree = "<group>"; };
		8344FC9527BE208C00C534D5 /* ForgetViewController.m */ = {isa = PBXFileReference; lastKnownFileType = sourcecode.c.objc; path = ForgetViewController.m; sourceTree = "<group>"; };
		8344FC9B27BE269D00C534D5 /* fanhui2.png */ = {isa = PBXFileReference; lastKnownFileType = image.png; path = fanhui2.png; sourceTree = "<group>"; };
		8346A8C627DDB9B600D99BD7 /* SendMessageJSONModel.h */ = {isa = PBXFileReference; lastKnownFileType = sourcecode.c.h; path = SendMessageJSONModel.h; sourceTree = "<group>"; };
		8346A8C727DDB9B600D99BD7 /* SendMessageJSONModel.m */ = {isa = PBXFileReference; lastKnownFileType = sourcecode.c.objc; path = SendMessageJSONModel.m; sourceTree = "<group>"; };
		8346A8C927DDB9E500D99BD7 /* SendMessageManager.h */ = {isa = PBXFileReference; lastKnownFileType = sourcecode.c.h; path = SendMessageManager.h; sourceTree = "<group>"; };
		8346A8CA27DDB9E500D99BD7 /* SendMessageManager.m */ = {isa = PBXFileReference; lastKnownFileType = sourcecode.c.objc; path = SendMessageManager.m; sourceTree = "<group>"; };
		8347BCB9278C2FD300466606 /* CourseTableViewCell.h */ = {isa = PBXFileReference; lastKnownFileType = sourcecode.c.h; path = CourseTableViewCell.h; sourceTree = "<group>"; };
		8347BCBA278C2FD300466606 /* CourseTableViewCell.m */ = {isa = PBXFileReference; lastKnownFileType = sourcecode.c.objc; path = CourseTableViewCell.m; sourceTree = "<group>"; };
		8347BCBC278C35BB00466606 /* 2-1.png */ = {isa = PBXFileReference; lastKnownFileType = image.png; path = "2-1.png"; sourceTree = "<group>"; };
		837B7133279A667100DBD856 /* jia.png */ = {isa = PBXFileReference; lastKnownFileType = image.png; path = jia.png; sourceTree = "<group>"; };
		837B7135279A66BB00DBD856 /* renzheng1-copy.png */ = {isa = PBXFileReference; lastKnownFileType = image.png; path = "renzheng1-copy.png"; sourceTree = "<group>"; };
		837B7136279A66BB00DBD856 /* naozhong-copy.png */ = {isa = PBXFileReference; lastKnownFileType = image.png; path = "naozhong-copy.png"; sourceTree = "<group>"; };
		837B7137279A66BB00DBD856 /* yonghu.png */ = {isa = PBXFileReference; lastKnownFileType = image.png; path = yonghu.png; sourceTree = "<group>"; };
		837B7138279A66BB00DBD856 /* didian.png */ = {isa = PBXFileReference; lastKnownFileType = image.png; path = didian.png; sourceTree = "<group>"; };
		837B713D279AAAAB00DBD856 /* BoutiqueView.h */ = {isa = PBXFileReference; lastKnownFileType = sourcecode.c.h; path = BoutiqueView.h; sourceTree = "<group>"; };
		837B713E279AAAAB00DBD856 /* BoutiqueView.m */ = {isa = PBXFileReference; lastKnownFileType = sourcecode.c.objc; path = BoutiqueView.m; sourceTree = "<group>"; };
		837B7140279AAAD000DBD856 /* FollowView.h */ = {isa = PBXFileReference; lastKnownFileType = sourcecode.c.h; path = FollowView.h; sourceTree = "<group>"; };
		837B7141279AAAD000DBD856 /* FollowView.m */ = {isa = PBXFileReference; lastKnownFileType = sourcecode.c.objc; path = FollowView.m; sourceTree = "<group>"; };
		837B7144279AAD3800DBD856 /* NewsTableViewCell.h */ = {isa = PBXFileReference; lastKnownFileType = sourcecode.c.h; path = NewsTableViewCell.h; sourceTree = "<group>"; };
		837B7145279AAD3800DBD856 /* NewsTableViewCell.m */ = {isa = PBXFileReference; lastKnownFileType = sourcecode.c.objc; path = NewsTableViewCell.m; sourceTree = "<group>"; };
		837B7147279AB3E500DBD856 /* gengduo.png */ = {isa = PBXFileReference; lastKnownFileType = image.png; path = gengduo.png; sourceTree = "<group>"; };
		837B7149279AB8C600DBD856 /* neirong.png */ = {isa = PBXFileReference; lastKnownFileType = image.png; path = neirong.png; sourceTree = "<group>"; };
		8384B4A82792C34D00282E66 /* CourseDataModel.h */ = {isa = PBXFileReference; lastKnownFileType = sourcecode.c.h; path = CourseDataModel.h; sourceTree = "<group>"; };
		8384B4A92792C34D00282E66 /* CourseDataModel.m */ = {isa = PBXFileReference; lastKnownFileType = sourcecode.c.objc; path = CourseDataModel.m; sourceTree = "<group>"; };
		83C798612789BDFE000F68C1 /* YueQiu.app */ = {isa = PBXFileReference; explicitFileType = wrapper.application; includeInIndex = 0; path = YueQiu.app; sourceTree = BUILT_PRODUCTS_DIR; };
		83C798642789BDFE000F68C1 /* AppDelegate.h */ = {isa = PBXFileReference; lastKnownFileType = sourcecode.c.h; path = AppDelegate.h; sourceTree = "<group>"; };
		83C798652789BDFE000F68C1 /* AppDelegate.m */ = {isa = PBXFileReference; lastKnownFileType = sourcecode.c.objc; path = AppDelegate.m; sourceTree = "<group>"; };
		83C798672789BDFE000F68C1 /* SceneDelegate.h */ = {isa = PBXFileReference; lastKnownFileType = sourcecode.c.h; path = SceneDelegate.h; sourceTree = "<group>"; };
		83C798682789BDFE000F68C1 /* SceneDelegate.m */ = {isa = PBXFileReference; lastKnownFileType = sourcecode.c.objc; path = SceneDelegate.m; sourceTree = "<group>"; };
		83C7986A2789BDFE000F68C1 /* ViewController.h */ = {isa = PBXFileReference; lastKnownFileType = sourcecode.c.h; path = ViewController.h; sourceTree = "<group>"; };
		83C7986B2789BDFE000F68C1 /* ViewController.m */ = {isa = PBXFileReference; lastKnownFileType = sourcecode.c.objc; path = ViewController.m; sourceTree = "<group>"; };
		83C7986E2789BDFE000F68C1 /* Base */ = {isa = PBXFileReference; lastKnownFileType = file.storyboard; name = Base; path = Base.lproj/Main.storyboard; sourceTree = "<group>"; };
		83C798702789BE00000F68C1 /* Assets.xcassets */ = {isa = PBXFileReference; lastKnownFileType = folder.assetcatalog; path = Assets.xcassets; sourceTree = "<group>"; };
		83C798732789BE00000F68C1 /* Base */ = {isa = PBXFileReference; lastKnownFileType = file.storyboard; name = Base; path = Base.lproj/LaunchScreen.storyboard; sourceTree = "<group>"; };
		83C798752789BE00000F68C1 /* Info.plist */ = {isa = PBXFileReference; lastKnownFileType = text.plist.xml; path = Info.plist; sourceTree = "<group>"; };
		83C798762789BE00000F68C1 /* main.m */ = {isa = PBXFileReference; lastKnownFileType = sourcecode.c.objc; path = main.m; sourceTree = "<group>"; };
		83C7987C2789BE00000F68C1 /* YueQiuTests.xctest */ = {isa = PBXFileReference; explicitFileType = wrapper.cfbundle; includeInIndex = 0; path = YueQiuTests.xctest; sourceTree = BUILT_PRODUCTS_DIR; };
		83C798802789BE00000F68C1 /* YueQiuTests.m */ = {isa = PBXFileReference; lastKnownFileType = sourcecode.c.objc; path = YueQiuTests.m; sourceTree = "<group>"; };
		83C798862789BE00000F68C1 /* YueQiuUITests.xctest */ = {isa = PBXFileReference; explicitFileType = wrapper.cfbundle; includeInIndex = 0; path = YueQiuUITests.xctest; sourceTree = BUILT_PRODUCTS_DIR; };
		83C7988A2789BE00000F68C1 /* YueQiuUITests.m */ = {isa = PBXFileReference; lastKnownFileType = sourcecode.c.objc; path = YueQiuUITests.m; sourceTree = "<group>"; };
		83C7988C2789BE00000F68C1 /* YueQiuUITestsLaunchTests.m */ = {isa = PBXFileReference; lastKnownFileType = sourcecode.c.objc; path = YueQiuUITestsLaunchTests.m; sourceTree = "<group>"; };
		83C798B22789C094000F68C1 /* HomePageViewController.h */ = {isa = PBXFileReference; fileEncoding = 4; lastKnownFileType = sourcecode.c.h; path = HomePageViewController.h; sourceTree = "<group>"; };
		83C798B32789C094000F68C1 /* HomePageViewController.m */ = {isa = PBXFileReference; fileEncoding = 4; lastKnownFileType = sourcecode.c.objc; path = HomePageViewController.m; sourceTree = "<group>"; };
		83C798B52789C0A9000F68C1 /* HomePageMModel.h */ = {isa = PBXFileReference; fileEncoding = 4; lastKnownFileType = sourcecode.c.h; path = HomePageMModel.h; sourceTree = "<group>"; };
		83C798B62789C0A9000F68C1 /* HomePageMModel.m */ = {isa = PBXFileReference; fileEncoding = 4; lastKnownFileType = sourcecode.c.objc; path = HomePageMModel.m; sourceTree = "<group>"; };
		83C798B82789C0B1000F68C1 /* HomePageUIView.m */ = {isa = PBXFileReference; fileEncoding = 4; lastKnownFileType = sourcecode.c.objc; path = HomePageUIView.m; sourceTree = "<group>"; };
		83C798B92789C0B1000F68C1 /* HomePageUIView.h */ = {isa = PBXFileReference; fileEncoding = 4; lastKnownFileType = sourcecode.c.h; path = HomePageUIView.h; sourceTree = "<group>"; };
		83C798BB2789C0CB000F68C1 /* MyViewController.m */ = {isa = PBXFileReference; fileEncoding = 4; lastKnownFileType = sourcecode.c.objc; path = MyViewController.m; sourceTree = "<group>"; };
		83C798BC2789C0CB000F68C1 /* MyViewController.h */ = {isa = PBXFileReference; fileEncoding = 4; lastKnownFileType = sourcecode.c.h; path = MyViewController.h; sourceTree = "<group>"; };
		83C798BE2789C0D9000F68C1 /* NewsViewController.m */ = {isa = PBXFileReference; fileEncoding = 4; lastKnownFileType = sourcecode.c.objc; path = NewsViewController.m; sourceTree = "<group>"; };
		83C798BF2789C0D9000F68C1 /* NewsViewController.h */ = {isa = PBXFileReference; fileEncoding = 4; lastKnownFileType = sourcecode.c.h; path = NewsViewController.h; sourceTree = "<group>"; };
		83C798C12789C0ED000F68C1 /* TrainViewController.h */ = {isa = PBXFileReference; fileEncoding = 4; lastKnownFileType = sourcecode.c.h; path = TrainViewController.h; sourceTree = "<group>"; };
		83C798C22789C0ED000F68C1 /* TrainViewController.m */ = {isa = PBXFileReference; fileEncoding = 4; lastKnownFileType = sourcecode.c.objc; path = TrainViewController.m; sourceTree = "<group>"; };
		83C798C42789C0F9000F68C1 /* ShowProjectTableViewCell.m */ = {isa = PBXFileReference; fileEncoding = 4; lastKnownFileType = sourcecode.c.objc; path = ShowProjectTableViewCell.m; sourceTree = "<group>"; };
		83C798C52789C0F9000F68C1 /* ShowProjectTableViewCell.h */ = {isa = PBXFileReference; fileEncoding = 4; lastKnownFileType = sourcecode.c.h; path = ShowProjectTableViewCell.h; sourceTree = "<group>"; };
		83C798C72789C100000F68C1 /* TrainView.m */ = {isa = PBXFileReference; fileEncoding = 4; lastKnownFileType = sourcecode.c.objc; path = TrainView.m; sourceTree = "<group>"; };
		83C798C82789C100000F68C1 /* TrainView.h */ = {isa = PBXFileReference; fileEncoding = 4; lastKnownFileType = sourcecode.c.h; path = TrainView.h; sourceTree = "<group>"; };
		83C798CC2789C1A6000F68C1 /* 3.jpg */ = {isa = PBXFileReference; lastKnownFileType = image.jpeg; path = 3.jpg; sourceTree = "<group>"; };
		83EA825C27CCB33A00B19CF3 /* charuhengxian-line-currency-Inserthorizontalline.png */ = {isa = PBXFileReference; lastKnownFileType = image.png; path = "charuhengxian-line-currency-Inserthorizontalline.png"; sourceTree = "<group>"; };
		83EA825E27CCB3C800B19CF3 /* kongbai.png */ = {isa = PBXFileReference; lastKnownFileType = image.png; path = kongbai.png; sourceTree = "<group>"; };
		83EA826127CCB9A000B19CF3 /* Releasefanhui.png */ = {isa = PBXFileReference; lastKnownFileType = image.png; path = Releasefanhui.png; sourceTree = "<group>"; };
		83FB1A5427CA294B005D6292 /* ReleaseGameView.h */ = {isa = PBXFileReference; lastKnownFileType = sourcecode.c.h; path = ReleaseGameView.h; sourceTree = "<group>"; };
		83FB1A5527CA294B005D6292 /* ReleaseGameView.m */ = {isa = PBXFileReference; lastKnownFileType = sourcecode.c.objc; path = ReleaseGameView.m; sourceTree = "<group>"; };
		83FB1A5727CA2959005D6292 /* ReleaseGameViewController.h */ = {isa = PBXFileReference; lastKnownFileType = sourcecode.c.h; path = ReleaseGameViewController.h; sourceTree = "<group>"; };
		83FB1A5827CA2959005D6292 /* ReleaseGameViewController.m */ = {isa = PBXFileReference; lastKnownFileType = sourcecode.c.objc; path = ReleaseGameViewController.m; sourceTree = "<group>"; };
		CC1A7B2B2789C86C0040B39D /* HomePageTableViewCell.h */ = {isa = PBXFileReference; lastKnownFileType = sourcecode.c.h; path = HomePageTableViewCell.h; sourceTree = "<group>"; };
		CC1A7B2C2789C86C0040B39D /* HomePageTableViewCell.m */ = {isa = PBXFileReference; lastKnownFileType = sourcecode.c.objc; path = HomePageTableViewCell.m; sourceTree = "<group>"; };
		CC43FD1227E35BDF00CB1AE0 /* ForgetJsonModel.h */ = {isa = PBXFileReference; lastKnownFileType = sourcecode.c.h; path = ForgetJsonModel.h; sourceTree = "<group>"; };
		CC43FD1327E35BDF00CB1AE0 /* ForgetJsonModel.m */ = {isa = PBXFileReference; lastKnownFileType = sourcecode.c.objc; path = ForgetJsonModel.m; sourceTree = "<group>"; };
		CC43FD1527E35C1700CB1AE0 /* ForgetManager.h */ = {isa = PBXFileReference; lastKnownFileType = sourcecode.c.h; path = ForgetManager.h; sourceTree = "<group>"; };
		CC43FD1627E35C1700CB1AE0 /* ForgetManager.m */ = {isa = PBXFileReference; lastKnownFileType = sourcecode.c.objc; path = ForgetManager.m; sourceTree = "<group>"; };
		CC43FD1927E366AB00CB1AE0 /* SetPasswordJsonModel.h */ = {isa = PBXFileReference; lastKnownFileType = sourcecode.c.h; path = SetPasswordJsonModel.h; sourceTree = "<group>"; };
		CC43FD1A27E366AB00CB1AE0 /* SetPasswordJsonModel.m */ = {isa = PBXFileReference; lastKnownFileType = sourcecode.c.objc; path = SetPasswordJsonModel.m; sourceTree = "<group>"; };
		CC43FD1C27E366CB00CB1AE0 /* SetPasswordManager.h */ = {isa = PBXFileReference; lastKnownFileType = sourcecode.c.h; path = SetPasswordManager.h; sourceTree = "<group>"; };
		CC43FD1D27E366CB00CB1AE0 /* SetPasswordManager.m */ = {isa = PBXFileReference; lastKnownFileType = sourcecode.c.objc; path = SetPasswordManager.m; sourceTree = "<group>"; };
		CC5ABFE127C4D15F00D548CB /* shanchu.png */ = {isa = PBXFileReference; lastKnownFileType = image.png; path = shanchu.png; sourceTree = "<group>"; };
		CC5ABFE227C4D15F00D548CB /* yinsi.png */ = {isa = PBXFileReference; lastKnownFileType = image.png; path = yinsi.png; sourceTree = "<group>"; };
		CC5ABFE327C4D15F00D548CB /* yejianmoshi.png */ = {isa = PBXFileReference; lastKnownFileType = image.png; path = yejianmoshi.png; sourceTree = "<group>"; };
		CC5ABFE427C4D15F00D548CB /* qiehuanzhanghao.png */ = {isa = PBXFileReference; lastKnownFileType = image.png; path = qiehuanzhanghao.png; sourceTree = "<group>"; };
		CC5ABFE527C4D15F00D548CB /* fankui.png */ = {isa = PBXFileReference; lastKnownFileType = image.png; path = fankui.png; sourceTree = "<group>"; };
		CC5ABFE627C4D15F00D548CB /* tongzhi.png */ = {isa = PBXFileReference; lastKnownFileType = image.png; path = tongzhi.png; sourceTree = "<group>"; };
		CC5ABFE727C4D15F00D548CB /* tuichudenglu.png */ = {isa = PBXFileReference; lastKnownFileType = image.png; path = tuichudenglu.png; sourceTree = "<group>"; };
		CC5ABFE827C4D15F00D548CB /* zhanghaoyuanquan.png */ = {isa = PBXFileReference; lastKnownFileType = image.png; path = zhanghaoyuanquan.png; sourceTree = "<group>"; };
		CC5ABFF127C4D17E00D548CB /* SettingView.h */ = {isa = PBXFileReference; lastKnownFileType = sourcecode.c.h; path = SettingView.h; sourceTree = "<group>"; };
		CC5ABFF227C4D17E00D548CB /* SettingView.m */ = {isa = PBXFileReference; lastKnownFileType = sourcecode.c.objc; path = SettingView.m; sourceTree = "<group>"; };
		CC5ABFF427C4D19700D548CB /* SettingCell.h */ = {isa = PBXFileReference; lastKnownFileType = sourcecode.c.h; path = SettingCell.h; sourceTree = "<group>"; };
		CC5ABFF527C4D19700D548CB /* SettingCell.m */ = {isa = PBXFileReference; lastKnownFileType = sourcecode.c.objc; path = SettingCell.m; sourceTree = "<group>"; };
		CC5ABFF727C4D1E000D548CB /* SettingController.h */ = {isa = PBXFileReference; lastKnownFileType = sourcecode.c.h; path = SettingController.h; sourceTree = "<group>"; };
		CC5ABFF827C4D1E000D548CB /* SettingController.m */ = {isa = PBXFileReference; lastKnownFileType = sourcecode.c.objc; path = SettingController.m; sourceTree = "<group>"; };
		CC6C5FF527CE3A90004767FD /* city.png */ = {isa = PBXFileReference; lastKnownFileType = image.png; path = city.png; sourceTree = "<group>"; };
		CC89C27B27C2513C0096C12D /* MyCollectStadiumController.h */ = {isa = PBXFileReference; lastKnownFileType = sourcecode.c.h; path = MyCollectStadiumController.h; sourceTree = "<group>"; };
		CC89C27C27C2513C0096C12D /* MyCollectStadiumController.m */ = {isa = PBXFileReference; lastKnownFileType = sourcecode.c.objc; path = MyCollectStadiumController.m; sourceTree = "<group>"; };
		CC89C27E27C2515D0096C12D /* MyCourseViewController.h */ = {isa = PBXFileReference; lastKnownFileType = sourcecode.c.h; path = MyCourseViewController.h; sourceTree = "<group>"; };
		CC89C27F27C2515D0096C12D /* MyCourseViewController.m */ = {isa = PBXFileReference; lastKnownFileType = sourcecode.c.objc; path = MyCourseViewController.m; sourceTree = "<group>"; };
		CC89C28127C251770096C12D /* MyCourseView.h */ = {isa = PBXFileReference; lastKnownFileType = sourcecode.c.h; path = MyCourseView.h; sourceTree = "<group>"; };
		CC89C28227C251770096C12D /* MyCourseView.m */ = {isa = PBXFileReference; lastKnownFileType = sourcecode.c.objc; path = MyCourseView.m; sourceTree = "<group>"; };
		CC89C28427C2518C0096C12D /* MyCollectStadiumView.h */ = {isa = PBXFileReference; lastKnownFileType = sourcecode.c.h; path = MyCollectStadiumView.h; sourceTree = "<group>"; };
		CC89C28527C2518C0096C12D /* MyCollectStadiumView.m */ = {isa = PBXFileReference; lastKnownFileType = sourcecode.c.objc; path = MyCollectStadiumView.m; sourceTree = "<group>"; };
		CC89C28727C251B20096C12D /* CourseAndStadiumCell.h */ = {isa = PBXFileReference; lastKnownFileType = sourcecode.c.h; path = CourseAndStadiumCell.h; sourceTree = "<group>"; };
		CC89C28827C251B20096C12D /* CourseAndStadiumCell.m */ = {isa = PBXFileReference; lastKnownFileType = sourcecode.c.objc; path = CourseAndStadiumCell.m; sourceTree = "<group>"; };
		CCFA4B9227AAF3BB00F2BB18 /* HQBSearchView.h */ = {isa = PBXFileReference; lastKnownFileType = sourcecode.c.h; path = HQBSearchView.h; sourceTree = "<group>"; };
		CCFA4B9327AAF3BB00F2BB18 /* HQBSearchView.m */ = {isa = PBXFileReference; lastKnownFileType = sourcecode.c.objc; path = HQBSearchView.m; sourceTree = "<group>"; };
		CCFA4B9527AAF49700F2BB18 /* HQBSearchViewController.h */ = {isa = PBXFileReference; lastKnownFileType = sourcecode.c.h; path = HQBSearchViewController.h; sourceTree = "<group>"; };
		CCFA4B9627AAF49700F2BB18 /* HQBSearchViewController.m */ = {isa = PBXFileReference; lastKnownFileType = sourcecode.c.objc; path = HQBSearchViewController.m; sourceTree = "<group>"; };
		CCFA4B9B27AAF5D500F2BB18 /* sousuo.png */ = {isa = PBXFileReference; lastKnownFileType = image.png; path = sousuo.png; sourceTree = "<group>"; };
		CCFA4BA227ABB9EF00F2BB18 /* MyTableViewCell.h */ = {isa = PBXFileReference; lastKnownFileType = sourcecode.c.h; path = MyTableViewCell.h; sourceTree = "<group>"; };
		CCFA4BA327ABB9EF00F2BB18 /* MyTableViewCell.m */ = {isa = PBXFileReference; lastKnownFileType = sourcecode.c.objc; path = MyTableViewCell.m; sourceTree = "<group>"; };
		CCFA4BA827AE5C5B00F2BB18 /* beijing.jpeg */ = {isa = PBXFileReference; lastKnownFileType = image.jpeg; path = beijing.jpeg; sourceTree = "<group>"; };
		CCFA4BAA27AE664200F2BB18 /* head.jpeg */ = {isa = PBXFileReference; lastKnownFileType = image.jpeg; path = head.jpeg; sourceTree = "<group>"; };
		CCFA4BB027AE809F00F2BB18 /* more.png */ = {isa = PBXFileReference; lastKnownFileType = image.png; path = more.png; sourceTree = "<group>"; };
		CCFA4BB227AEBD3600F2BB18 /* dingwei.png */ = {isa = PBXFileReference; lastKnownFileType = image.png; path = dingwei.png; sourceTree = "<group>"; };
/* End PBXFileReference section */

/* Begin PBXFrameworksBuildPhase section */
		83C7985E2789BDFE000F68C1 /* Frameworks */ = {
			isa = PBXFrameworksBuildPhase;
			buildActionMask = 2147483647;
			files = (
				0F706DC9AB39106428BE3804 /* libPods-YueQiu.a in Frameworks */,
			);
			runOnlyForDeploymentPostprocessing = 0;
		};
		83C798792789BE00000F68C1 /* Frameworks */ = {
			isa = PBXFrameworksBuildPhase;
			buildActionMask = 2147483647;
			files = (
			);
			runOnlyForDeploymentPostprocessing = 0;
		};
		83C798832789BE00000F68C1 /* Frameworks */ = {
			isa = PBXFrameworksBuildPhase;
			buildActionMask = 2147483647;
			files = (
			);
			runOnlyForDeploymentPostprocessing = 0;
		};
/* End PBXFrameworksBuildPhase section */

/* Begin PBXGroup section */
		115002518B03376D9EBF8C36 /* Frameworks */ = {
			isa = PBXGroup;
			children = (
				00023D1DA489CE6D13147DAC /* libPods-YueQiu.a */,
			);
			name = Frameworks;
			sourceTree = "<group>";
		};
		4717464ABFD25A0CA850ED9E /* Pods */ = {
			isa = PBXGroup;
			children = (
				5EC636371D8C5092569DC7A8 /* Pods-YueQiu.debug.xcconfig */,
				345100254D96E374567F3D9D /* Pods-YueQiu.release.xcconfig */,
			);
			path = Pods;
			sourceTree = "<group>";
		};
		83255A4927DC9B6800A37C5F /* LandModel */ = {
			isa = PBXGroup;
			children = (
				83255A4A27DC9D7400A37C5F /* UUIDStrengthen.h */,
				83255A4B27DC9D7400A37C5F /* UUIDStrengthen.m */,
				83252C4827E573AF00BAEAAB /* LandJSONModel.h */,
				83252C4927E573AF00BAEAAB /* LandJSONModel.m */,
				83252C4B27E573C300BAEAAB /* LandModel.h */,
				83252C4C27E573C300BAEAAB /* LandModel.m */,
			);
			path = LandModel;
			sourceTree = "<group>";
		};
		8325A658279656D80060E916 /* Land */ = {
			isa = PBXGroup;
			children = (
				83255A4927DC9B6800A37C5F /* LandModel */,
				8325A65A279656FD0060E916 /* LandView */,
				8325A659279656F00060E916 /* LandViewController */,
			);
			path = Land;
			sourceTree = "<group>";
		};
		8325A659279656F00060E916 /* LandViewController */ = {
			isa = PBXGroup;
			children = (
				8325A65C2796572A0060E916 /* LandViewController.h */,
				8325A65D2796572A0060E916 /* LandViewController.m */,
			);
			path = LandViewController;
			sourceTree = "<group>";
		};
		8325A65A279656FD0060E916 /* LandView */ = {
			isa = PBXGroup;
			children = (
				8325A65F2796573C0060E916 /* LandView.h */,
				8325A6602796573C0060E916 /* LandView.m */,
			);
			path = LandView;
			sourceTree = "<group>";
		};
		8325A6622796C2D50060E916 /* LandPhotos */ = {
			isa = PBXGroup;
			children = (
				8325A6652796C6C50060E916 /* startUP.png */,
				8325A6632796C2F50060E916 /* lanqiu-copy.png */,
			);
			path = LandPhotos;
			sourceTree = "<group>";
		};
		8327697227D114E200C59149 /* ReleaseModel */ = {
			isa = PBXGroup;
			children = (
			);
			path = ReleaseModel;
			sourceTree = "<group>";
		};
		8333B11F27C3240900858A48 /* Reserve */ = {
			isa = PBXGroup;
			children = (
				8333B12127C3242300858A48 /* ReserveView */,
				8333B12027C3241300858A48 /* ReserveController */,
			);
			path = Reserve;
			sourceTree = "<group>";
		};
		8333B12027C3241300858A48 /* ReserveController */ = {
			isa = PBXGroup;
			children = (
				8333B12527C3245300858A48 /* ReserveViewController.h */,
				8333B12627C3245300858A48 /* ReserveViewController.m */,
			);
			path = ReserveController;
			sourceTree = "<group>";
		};
		8333B12127C3242300858A48 /* ReserveView */ = {
			isa = PBXGroup;
			children = (
				8333B12227C3244200858A48 /* ReserveView.h */,
				8333B12327C3244200858A48 /* ReserveView.m */,
			);
			path = ReserveView;
			sourceTree = "<group>";
		};
		833639C727C4B74C0020D864 /* ReservePhotos */ = {
			isa = PBXGroup;
			children = (
				833639CB27C4B76A0020D864 /* dianhua.png */,
				833639C927C4B76A0020D864 /* qian.png */,
				833639CA27C4B76A0020D864 /* shijian.png */,
				833639C827C4B76A0020D864 /* weizhi.png */,
			);
			path = ReservePhotos;
			sourceTree = "<group>";
		};
		83370A8C27BF8DFF00A1889D /* SetPassword */ = {
			isa = PBXGroup;
			children = (
				CC43FD1827E3668200CB1AE0 /* SetPasswordModel */,
				83370A8E27BF8E1A00A1889D /* SetPasswordView */,
				83370A8D27BF8E1000A1889D /* SetPasswordViewController */,
			);
			path = SetPassword;
			sourceTree = "<group>";
		};
		83370A8D27BF8E1000A1889D /* SetPasswordViewController */ = {
			isa = PBXGroup;
			children = (
				83370A9627BF8E6300A1889D /* SetPasswordViewController.h */,
				83370A9727BF8E6300A1889D /* SetPasswordViewController.m */,
			);
			path = SetPasswordViewController;
			sourceTree = "<group>";
		};
		83370A8E27BF8E1A00A1889D /* SetPasswordView */ = {
			isa = PBXGroup;
			children = (
				83370A8F27BF8E3200A1889D /* SetPasswordView.h */,
				83370A9027BF8E3200A1889D /* SetPasswordView.m */,
			);
			path = SetPasswordView;
			sourceTree = "<group>";
		};
		8344FC8527BE1D6100C534D5 /* Register */ = {
			isa = PBXGroup;
			children = (
				8346A8BF27DDB55700D99BD7 /* RegisterModel */,
				8344FC8627BE1D6A00C534D5 /* RegisterView */,
				8344FC8727BE1D8F00C534D5 /* RegisterViewController */,
			);
			path = Register;
			sourceTree = "<group>";
		};
		8344FC8627BE1D6A00C534D5 /* RegisterView */ = {
			isa = PBXGroup;
			children = (
				8344FC8827BE1DD000C534D5 /* RegisterView.h */,
				8344FC8927BE1DD000C534D5 /* RegisterView.m */,
			);
			path = RegisterView;
			sourceTree = "<group>";
		};
		8344FC8727BE1D8F00C534D5 /* RegisterViewController */ = {
			isa = PBXGroup;
			children = (
				8344FC8B27BE1DE900C534D5 /* RegisterViewController.h */,
				8344FC8C27BE1DE900C534D5 /* RegisterViewController.m */,
			);
			path = RegisterViewController;
			sourceTree = "<group>";
		};
		8344FC8E27BE203C00C534D5 /* Forget */ = {
			isa = PBXGroup;
			children = (
				CC43FD1127E33EEC00CB1AE0 /* ForgetModel */,
				8344FC9027BE206100C534D5 /* ForgetView */,
				8344FC8F27BE205500C534D5 /* ForgetViewController */,
			);
			path = Forget;
			sourceTree = "<group>";
		};
		8344FC8F27BE205500C534D5 /* ForgetViewController */ = {
			isa = PBXGroup;
			children = (
				8344FC9427BE208C00C534D5 /* ForgetViewController.h */,
				8344FC9527BE208C00C534D5 /* ForgetViewController.m */,
			);
			path = ForgetViewController;
			sourceTree = "<group>";
		};
		8344FC9027BE206100C534D5 /* ForgetView */ = {
			isa = PBXGroup;
			children = (
				8344FC9127BE207E00C534D5 /* ForgetView.h */,
				8344FC9227BE207E00C534D5 /* ForgetView.m */,
			);
			path = ForgetView;
			sourceTree = "<group>";
		};
		8344FC9A27BE268600C534D5 /* RegisterPhotos */ = {
			isa = PBXGroup;
			children = (
				83370A8827BF7ABC00A1889D /* xuanzeweixuanze.png */,
				83370A8927BF7ABC00A1889D /* xuanzeyixuanze.png */,
				8344FC9B27BE269D00C534D5 /* fanhui2.png */,
				83370A8227BF71CF00A1889D /* yanzhengma.png */,
				83370A8527BF726D00A1889D /* tubiao202.png */,
				83370A8427BF726D00A1889D /* yuechi.png */,
			);
			path = RegisterPhotos;
			sourceTree = "<group>";
		};
		8346A8BF27DDB55700D99BD7 /* RegisterModel */ = {
			isa = PBXGroup;
			children = (
				8346A8C627DDB9B600D99BD7 /* SendMessageJSONModel.h */,
				8346A8C727DDB9B600D99BD7 /* SendMessageJSONModel.m */,
				8346A8C927DDB9E500D99BD7 /* SendMessageManager.h */,
				8346A8CA27DDB9E500D99BD7 /* SendMessageManager.m */,
			);
			path = RegisterModel;
			sourceTree = "<group>";
		};
		837B712E279A5BF700DBD856 /* NewsView */ = {
			isa = PBXGroup;
			children = (
				837B713D279AAAAB00DBD856 /* BoutiqueView.h */,
				837B713E279AAAAB00DBD856 /* BoutiqueView.m */,
				837B7140279AAAD000DBD856 /* FollowView.h */,
				837B7141279AAAD000DBD856 /* FollowView.m */,
			);
			path = NewsView;
			sourceTree = "<group>";
		};
		837B7132279A661B00DBD856 /* NewsPhotos */ = {
			isa = PBXGroup;
			children = (
				83EA825E27CCB3C800B19CF3 /* kongbai.png */,
				83EA825C27CCB33A00B19CF3 /* charuhengxian-line-currency-Inserthorizontalline.png */,
				8315BF10279BFE24007CBAD8 /* huifu.png */,
				837B7147279AB3E500DBD856 /* gengduo.png */,
				837B7138279A66BB00DBD856 /* didian.png */,
				837B7136279A66BB00DBD856 /* naozhong-copy.png */,
				837B7135279A66BB00DBD856 /* renzheng1-copy.png */,
				837B7137279A66BB00DBD856 /* yonghu.png */,
				837B7133279A667100DBD856 /* jia.png */,
				837B7149279AB8C600DBD856 /* neirong.png */,
			);
			path = NewsPhotos;
			sourceTree = "<group>";
		};
		837B7143279AAD1600DBD856 /* NewsModel */ = {
			isa = PBXGroup;
			children = (
				837B7144279AAD3800DBD856 /* NewsTableViewCell.h */,
				837B7145279AAD3800DBD856 /* NewsTableViewCell.m */,
			);
			path = NewsModel;
			sourceTree = "<group>";
		};
		83C798582789BDFE000F68C1 = {
			isa = PBXGroup;
			children = (
				83C798CA2789C179000F68C1 /* 图库 */,
				83C798632789BDFE000F68C1 /* YueQiu */,
				83C7987F2789BE00000F68C1 /* YueQiuTests */,
				83C798892789BE00000F68C1 /* YueQiuUITests */,
				83C798622789BDFE000F68C1 /* Products */,
				4717464ABFD25A0CA850ED9E /* Pods */,
				115002518B03376D9EBF8C36 /* Frameworks */,
			);
			sourceTree = "<group>";
		};
		83C798622789BDFE000F68C1 /* Products */ = {
			isa = PBXGroup;
			children = (
				83C798612789BDFE000F68C1 /* YueQiu.app */,
				83C7987C2789BE00000F68C1 /* YueQiuTests.xctest */,
				83C798862789BE00000F68C1 /* YueQiuUITests.xctest */,
			);
			name = Products;
			sourceTree = "<group>";
		};
		83C798632789BDFE000F68C1 /* YueQiu */ = {
			isa = PBXGroup;
			children = (
				83FB1A5127CA28CE005D6292 /* ReleaseGame */,
				8333B11F27C3240900858A48 /* Reserve */,
				83370A8C27BF8DFF00A1889D /* SetPassword */,
				8344FC8E27BE203C00C534D5 /* Forget */,
				8344FC8527BE1D6100C534D5 /* Register */,
				8325A658279656D80060E916 /* Land */,
				83C7989C2789BF62000F68C1 /* Train */,
				83C7989B2789BF5B000F68C1 /* News */,
				83C7989A2789BF51000F68C1 /* My */,
				83C798992789BF45000F68C1 /* HomePage */,
				83C798642789BDFE000F68C1 /* AppDelegate.h */,
				83C798652789BDFE000F68C1 /* AppDelegate.m */,
				83C798672789BDFE000F68C1 /* SceneDelegate.h */,
				83C798682789BDFE000F68C1 /* SceneDelegate.m */,
				83C7986A2789BDFE000F68C1 /* ViewController.h */,
				83C7986B2789BDFE000F68C1 /* ViewController.m */,
				83C7986D2789BDFE000F68C1 /* Main.storyboard */,
				83C798702789BE00000F68C1 /* Assets.xcassets */,
				83C798722789BE00000F68C1 /* LaunchScreen.storyboard */,
				83C798752789BE00000F68C1 /* Info.plist */,
				83C798762789BE00000F68C1 /* main.m */,
			);
			path = YueQiu;
			sourceTree = "<group>";
		};
		83C7987F2789BE00000F68C1 /* YueQiuTests */ = {
			isa = PBXGroup;
			children = (
				83C798802789BE00000F68C1 /* YueQiuTests.m */,
			);
			path = YueQiuTests;
			sourceTree = "<group>";
		};
		83C798892789BE00000F68C1 /* YueQiuUITests */ = {
			isa = PBXGroup;
			children = (
				83C7988A2789BE00000F68C1 /* YueQiuUITests.m */,
				83C7988C2789BE00000F68C1 /* YueQiuUITestsLaunchTests.m */,
			);
			path = YueQiuUITests;
			sourceTree = "<group>";
		};
		83C798992789BF45000F68C1 /* HomePage */ = {
			isa = PBXGroup;
			children = (
				83C798A12789BFB0000F68C1 /* HomePageModel */,
				83C798A02789BFA9000F68C1 /* HomePageView */,
				83C7989F2789BF97000F68C1 /* HomePageController */,
			);
			path = HomePage;
			sourceTree = "<group>";
		};
		83C7989A2789BF51000F68C1 /* My */ = {
			isa = PBXGroup;
			children = (
				CCFA4B9E27AB8F6700F2BB18 /* MyModel */,
				CCFA4B9D27AB8F5600F2BB18 /* MyView */,
				83C798A22789BFBB000F68C1 /* MyController */,
			);
			path = My;
			sourceTree = "<group>";
		};
		83C7989B2789BF5B000F68C1 /* News */ = {
			isa = PBXGroup;
			children = (
				837B7143279AAD1600DBD856 /* NewsModel */,
				837B712E279A5BF700DBD856 /* NewsView */,
				83C798A52789BFE4000F68C1 /* NewsController */,
			);
			path = News;
			sourceTree = "<group>";
		};
		83C7989C2789BF62000F68C1 /* Train */ = {
			isa = PBXGroup;
			children = (
				83C798AB2789C02B000F68C1 /* TrainModel */,
				83C798AA2789C021000F68C1 /* TrainView */,
				83C798A92789C011000F68C1 /* TrainController */,
			);
			path = Train;
			sourceTree = "<group>";
		};
		83C7989F2789BF97000F68C1 /* HomePageController */ = {
			isa = PBXGroup;
			children = (
				83C798B22789C094000F68C1 /* HomePageViewController.h */,
				83C798B32789C094000F68C1 /* HomePageViewController.m */,
				CCFA4B9527AAF49700F2BB18 /* HQBSearchViewController.h */,
				CCFA4B9627AAF49700F2BB18 /* HQBSearchViewController.m */,
			);
			path = HomePageController;
			sourceTree = "<group>";
		};
		83C798A02789BFA9000F68C1 /* HomePageView */ = {
			isa = PBXGroup;
			children = (
				83C798B92789C0B1000F68C1 /* HomePageUIView.h */,
				83C798B82789C0B1000F68C1 /* HomePageUIView.m */,
				CC1A7B2B2789C86C0040B39D /* HomePageTableViewCell.h */,
				CC1A7B2C2789C86C0040B39D /* HomePageTableViewCell.m */,
				CCFA4B9227AAF3BB00F2BB18 /* HQBSearchView.h */,
				CCFA4B9327AAF3BB00F2BB18 /* HQBSearchView.m */,
			);
			path = HomePageView;
			sourceTree = "<group>";
		};
		83C798A12789BFB0000F68C1 /* HomePageModel */ = {
			isa = PBXGroup;
			children = (
				83C798B52789C0A9000F68C1 /* HomePageMModel.h */,
				83C798B62789C0A9000F68C1 /* HomePageMModel.m */,
			);
			path = HomePageModel;
			sourceTree = "<group>";
		};
		83C798A22789BFBB000F68C1 /* MyController */ = {
			isa = PBXGroup;
			children = (
				83C798BC2789C0CB000F68C1 /* MyViewController.h */,
				83C798BB2789C0CB000F68C1 /* MyViewController.m */,
				CC89C27B27C2513C0096C12D /* MyCollectStadiumController.h */,
				CC89C27C27C2513C0096C12D /* MyCollectStadiumController.m */,
				CC89C27E27C2515D0096C12D /* MyCourseViewController.h */,
				CC89C27F27C2515D0096C12D /* MyCourseViewController.m */,
				CC5ABFF727C4D1E000D548CB /* SettingController.h */,
				CC5ABFF827C4D1E000D548CB /* SettingController.m */,
			);
			path = MyController;
			sourceTree = "<group>";
		};
		83C798A52789BFE4000F68C1 /* NewsController */ = {
			isa = PBXGroup;
			children = (
				83C798BF2789C0D9000F68C1 /* NewsViewController.h */,
				83C798BE2789C0D9000F68C1 /* NewsViewController.m */,
			);
			path = NewsController;
			sourceTree = "<group>";
		};
		83C798A92789C011000F68C1 /* TrainController */ = {
			isa = PBXGroup;
			children = (
				83C798C12789C0ED000F68C1 /* TrainViewController.h */,
				83C798C22789C0ED000F68C1 /* TrainViewController.m */,
			);
			path = TrainController;
			sourceTree = "<group>";
		};
		83C798AA2789C021000F68C1 /* TrainView */ = {
			isa = PBXGroup;
			children = (
				83C798C82789C100000F68C1 /* TrainView.h */,
				83C798C72789C100000F68C1 /* TrainView.m */,
			);
			path = TrainView;
			sourceTree = "<group>";
		};
		83C798AB2789C02B000F68C1 /* TrainModel */ = {
			isa = PBXGroup;
			children = (
				83C798C52789C0F9000F68C1 /* ShowProjectTableViewCell.h */,
				83C798C42789C0F9000F68C1 /* ShowProjectTableViewCell.m */,
				8347BCB9278C2FD300466606 /* CourseTableViewCell.h */,
				8347BCBA278C2FD300466606 /* CourseTableViewCell.m */,
				8384B4A82792C34D00282E66 /* CourseDataModel.h */,
				8384B4A92792C34D00282E66 /* CourseDataModel.m */,
			);
			path = TrainModel;
			sourceTree = "<group>";
		};
		83C798CA2789C179000F68C1 /* 图库 */ = {
			isa = PBXGroup;
			children = (
				83EA826027CCB98500B19CF3 /* ReleaseGamePhotos */,
				CC5ABFE027C4D10600D548CB /* SettingPhotos */,
				833639C727C4B74C0020D864 /* ReservePhotos */,
				8344FC9A27BE268600C534D5 /* RegisterPhotos */,
				CCFA4BA527AE5BB000F2BB18 /* MyPhotos */,
				CCFA4B9827AAF50C00F2BB18 /* HomePagePhotos */,
				837B7132279A661B00DBD856 /* NewsPhotos */,
				8325A6622796C2D50060E916 /* LandPhotos */,
				83C798CB2789C188000F68C1 /* TrainPhotos */,
			);
			path = "图库";
			sourceTree = "<group>";
		};
		83C798CB2789C188000F68C1 /* TrainPhotos */ = {
			isa = PBXGroup;
			children = (
				83C798CC2789C1A6000F68C1 /* 3.jpg */,
				8347BCBC278C35BB00466606 /* 2-1.png */,
			);
			path = TrainPhotos;
			sourceTree = "<group>";
		};
		83EA826027CCB98500B19CF3 /* ReleaseGamePhotos */ = {
			isa = PBXGroup;
			children = (
				83EA826127CCB9A000B19CF3 /* Releasefanhui.png */,
			);
			path = ReleaseGamePhotos;
			sourceTree = "<group>";
		};
		83FB1A5127CA28CE005D6292 /* ReleaseGame */ = {
			isa = PBXGroup;
			children = (
				8327697227D114E200C59149 /* ReleaseModel */,
				83FB1A5227CA28E2005D6292 /* ReleaseGameView */,
				83FB1A5327CA28EF005D6292 /* ReleaseGameController */,
			);
			path = ReleaseGame;
			sourceTree = "<group>";
		};
		83FB1A5227CA28E2005D6292 /* ReleaseGameView */ = {
			isa = PBXGroup;
			children = (
				83FB1A5427CA294B005D6292 /* ReleaseGameView.h */,
				83FB1A5527CA294B005D6292 /* ReleaseGameView.m */,
			);
			path = ReleaseGameView;
			sourceTree = "<group>";
		};
		83FB1A5327CA28EF005D6292 /* ReleaseGameController */ = {
			isa = PBXGroup;
			children = (
				83FB1A5727CA2959005D6292 /* ReleaseGameViewController.h */,
				83FB1A5827CA2959005D6292 /* ReleaseGameViewController.m */,
			);
			path = ReleaseGameController;
			sourceTree = "<group>";
		};
		CC43FD1127E33EEC00CB1AE0 /* ForgetModel */ = {
			isa = PBXGroup;
			children = (
				CC43FD1227E35BDF00CB1AE0 /* ForgetJsonModel.h */,
				CC43FD1327E35BDF00CB1AE0 /* ForgetJsonModel.m */,
				CC43FD1527E35C1700CB1AE0 /* ForgetManager.h */,
				CC43FD1627E35C1700CB1AE0 /* ForgetManager.m */,
			);
			path = ForgetModel;
			sourceTree = "<group>";
		};
		CC43FD1827E3668200CB1AE0 /* SetPasswordModel */ = {
			isa = PBXGroup;
			children = (
				CC43FD1927E366AB00CB1AE0 /* SetPasswordJsonModel.h */,
				CC43FD1A27E366AB00CB1AE0 /* SetPasswordJsonModel.m */,
				CC43FD1C27E366CB00CB1AE0 /* SetPasswordManager.h */,
				CC43FD1D27E366CB00CB1AE0 /* SetPasswordManager.m */,
			);
			path = SetPasswordModel;
			sourceTree = "<group>";
		};
		CC5ABFE027C4D10600D548CB /* SettingPhotos */ = {
			isa = PBXGroup;
			children = (
				CC5ABFE527C4D15F00D548CB /* fankui.png */,
				CC5ABFE427C4D15F00D548CB /* qiehuanzhanghao.png */,
				CC5ABFE127C4D15F00D548CB /* shanchu.png */,
				CC5ABFE627C4D15F00D548CB /* tongzhi.png */,
				CC5ABFE727C4D15F00D548CB /* tuichudenglu.png */,
				CC5ABFE327C4D15F00D548CB /* yejianmoshi.png */,
				CC5ABFE227C4D15F00D548CB /* yinsi.png */,
				CC5ABFE827C4D15F00D548CB /* zhanghaoyuanquan.png */,
			);
			path = SettingPhotos;
			sourceTree = "<group>";
		};
		CCFA4B9827AAF50C00F2BB18 /* HomePagePhotos */ = {
			isa = PBXGroup;
			children = (
				83255A4427DC2C7400A37C5F /* daohang.png */,
				CCFA4B9B27AAF5D500F2BB18 /* sousuo.png */,
				CC6C5FF527CE3A90004767FD /* city.png */,
			);
			path = HomePagePhotos;
			sourceTree = "<group>";
		};
		CCFA4B9D27AB8F5600F2BB18 /* MyView */ = {
			isa = PBXGroup;
			children = (
				CCFA4BA227ABB9EF00F2BB18 /* MyTableViewCell.h */,
				CCFA4BA327ABB9EF00F2BB18 /* MyTableViewCell.m */,
				CC89C28127C251770096C12D /* MyCourseView.h */,
				CC89C28227C251770096C12D /* MyCourseView.m */,
				CC89C28427C2518C0096C12D /* MyCollectStadiumView.h */,
				CC89C28527C2518C0096C12D /* MyCollectStadiumView.m */,
				CC89C28727C251B20096C12D /* CourseAndStadiumCell.h */,
				CC89C28827C251B20096C12D /* CourseAndStadiumCell.m */,
				CC5ABFF127C4D17E00D548CB /* SettingView.h */,
				CC5ABFF227C4D17E00D548CB /* SettingView.m */,
				CC5ABFF427C4D19700D548CB /* SettingCell.h */,
				CC5ABFF527C4D19700D548CB /* SettingCell.m */,
			);
			path = MyView;
			sourceTree = "<group>";
		};
		CCFA4B9E27AB8F6700F2BB18 /* MyModel */ = {
			isa = PBXGroup;
			children = (
			);
			path = MyModel;
			sourceTree = "<group>";
		};
		CCFA4BA527AE5BB000F2BB18 /* MyPhotos */ = {
			isa = PBXGroup;
			children = (
				CCFA4BB227AEBD3600F2BB18 /* dingwei.png */,
				CCFA4BA827AE5C5B00F2BB18 /* beijing.jpeg */,
				CCFA4BAA27AE664200F2BB18 /* head.jpeg */,
				CCFA4BB027AE809F00F2BB18 /* more.png */,
			);
			path = MyPhotos;
			sourceTree = "<group>";
		};
/* End PBXGroup section */

/* Begin PBXNativeTarget section */
		83C798602789BDFE000F68C1 /* YueQiu */ = {
			isa = PBXNativeTarget;
			buildConfigurationList = 83C798902789BE00000F68C1 /* Build configuration list for PBXNativeTarget "YueQiu" */;
			buildPhases = (
				F2A74A2CF212489896027DBC /* [CP] Check Pods Manifest.lock */,
				83C7985D2789BDFE000F68C1 /* Sources */,
				83C7985E2789BDFE000F68C1 /* Frameworks */,
				83C7985F2789BDFE000F68C1 /* Resources */,
				CE9578C1989DBD37431676F0 /* [CP] Copy Pods Resources */,
			);
			buildRules = (
			);
			dependencies = (
			);
			name = YueQiu;
			productName = YueQiu;
			productReference = 83C798612789BDFE000F68C1 /* YueQiu.app */;
			productType = "com.apple.product-type.application";
		};
		83C7987B2789BE00000F68C1 /* YueQiuTests */ = {
			isa = PBXNativeTarget;
			buildConfigurationList = 83C798932789BE00000F68C1 /* Build configuration list for PBXNativeTarget "YueQiuTests" */;
			buildPhases = (
				83C798782789BE00000F68C1 /* Sources */,
				83C798792789BE00000F68C1 /* Frameworks */,
				83C7987A2789BE00000F68C1 /* Resources */,
			);
			buildRules = (
			);
			dependencies = (
				83C7987E2789BE00000F68C1 /* PBXTargetDependency */,
			);
			name = YueQiuTests;
			productName = YueQiuTests;
			productReference = 83C7987C2789BE00000F68C1 /* YueQiuTests.xctest */;
			productType = "com.apple.product-type.bundle.unit-test";
		};
		83C798852789BE00000F68C1 /* YueQiuUITests */ = {
			isa = PBXNativeTarget;
			buildConfigurationList = 83C798962789BE00000F68C1 /* Build configuration list for PBXNativeTarget "YueQiuUITests" */;
			buildPhases = (
				83C798822789BE00000F68C1 /* Sources */,
				83C798832789BE00000F68C1 /* Frameworks */,
				83C798842789BE00000F68C1 /* Resources */,
			);
			buildRules = (
			);
			dependencies = (
				83C798882789BE00000F68C1 /* PBXTargetDependency */,
			);
			name = YueQiuUITests;
			productName = YueQiuUITests;
			productReference = 83C798862789BE00000F68C1 /* YueQiuUITests.xctest */;
			productType = "com.apple.product-type.bundle.ui-testing";
		};
/* End PBXNativeTarget section */

/* Begin PBXProject section */
		83C798592789BDFE000F68C1 /* Project object */ = {
			isa = PBXProject;
			attributes = {
				BuildIndependentTargetsInParallel = 1;
				LastUpgradeCheck = 1300;
				TargetAttributes = {
					83C798602789BDFE000F68C1 = {
						CreatedOnToolsVersion = 13.0;
					};
					83C7987B2789BE00000F68C1 = {
						CreatedOnToolsVersion = 13.0;
						TestTargetID = 83C798602789BDFE000F68C1;
					};
					83C798852789BE00000F68C1 = {
						CreatedOnToolsVersion = 13.0;
						TestTargetID = 83C798602789BDFE000F68C1;
					};
				};
			};
			buildConfigurationList = 83C7985C2789BDFE000F68C1 /* Build configuration list for PBXProject "YueQiu" */;
			compatibilityVersion = "Xcode 13.0";
			developmentRegion = en;
			hasScannedForEncodings = 0;
			knownRegions = (
				en,
				Base,
			);
			mainGroup = 83C798582789BDFE000F68C1;
			productRefGroup = 83C798622789BDFE000F68C1 /* Products */;
			projectDirPath = "";
			projectRoot = "";
			targets = (
				83C798602789BDFE000F68C1 /* YueQiu */,
				83C7987B2789BE00000F68C1 /* YueQiuTests */,
				83C798852789BE00000F68C1 /* YueQiuUITests */,
			);
		};
/* End PBXProject section */

/* Begin PBXResourcesBuildPhase section */
		83C7985F2789BDFE000F68C1 /* Resources */ = {
			isa = PBXResourcesBuildPhase;
			buildActionMask = 2147483647;
			files = (
				83370A8727BF726D00A1889D /* tubiao202.png in Resources */,
				8344FC9C27BE269D00C534D5 /* fanhui2.png in Resources */,
				8325A6662796C6C50060E916 /* startUP.png in Resources */,
				CCFA4BAB27AE664200F2BB18 /* head.jpeg in Resources */,
				83370A8627BF726D00A1889D /* yuechi.png in Resources */,
				83370A8B27BF7ABC00A1889D /* xuanzeyixuanze.png in Resources */,
				833639CD27C4B76A0020D864 /* qian.png in Resources */,
				CC5ABFED27C4D15F00D548CB /* fankui.png in Resources */,
				83370A8327BF71D000A1889D /* yanzhengma.png in Resources */,
				CC5ABFEE27C4D15F00D548CB /* tongzhi.png in Resources */,
				CC5ABFE927C4D15F00D548CB /* shanchu.png in Resources */,
				837B7148279AB3E500DBD856 /* gengduo.png in Resources */,
				83C798742789BE00000F68C1 /* LaunchScreen.storyboard in Resources */,
				837B713B279A66BB00DBD856 /* yonghu.png in Resources */,
				837B713A279A66BB00DBD856 /* naozhong-copy.png in Resources */,
				83C798712789BE00000F68C1 /* Assets.xcassets in Resources */,
				83EA826227CCB9A000B19CF3 /* Releasefanhui.png in Resources */,
				CC5ABFF027C4D15F00D548CB /* zhanghaoyuanquan.png in Resources */,
				837B714A279AB8C600DBD856 /* neirong.png in Resources */,
				833639CE27C4B76A0020D864 /* shijian.png in Resources */,
				CC6C5FF627CE3A90004767FD /* city.png in Resources */,
				CC5ABFEB27C4D15F00D548CB /* yejianmoshi.png in Resources */,
				8325A6642796C2F50060E916 /* lanqiu-copy.png in Resources */,
				83EA825F27CCB3C800B19CF3 /* kongbai.png in Resources */,
				833639CF27C4B76A0020D864 /* dianhua.png in Resources */,
				CC5ABFEA27C4D15F00D548CB /* yinsi.png in Resources */,
				CCFA4BA927AE5C5B00F2BB18 /* beijing.jpeg in Resources */,
				837B713C279A66BB00DBD856 /* didian.png in Resources */,
				83255A4527DC2C7400A37C5F /* daohang.png in Resources */,
				837B7139279A66BB00DBD856 /* renzheng1-copy.png in Resources */,
				CC5ABFEF27C4D15F00D548CB /* tuichudenglu.png in Resources */,
				CCFA4BB127AE809F00F2BB18 /* more.png in Resources */,
				83EA825D27CCB33A00B19CF3 /* charuhengxian-line-currency-Inserthorizontalline.png in Resources */,
				8315BF11279BFE24007CBAD8 /* huifu.png in Resources */,
				CCFA4B9C27AAF5D500F2BB18 /* sousuo.png in Resources */,
				83370A8A27BF7ABC00A1889D /* xuanzeweixuanze.png in Resources */,
				CC5ABFEC27C4D15F00D548CB /* qiehuanzhanghao.png in Resources */,
				8347BCBD278C35BB00466606 /* 2-1.png in Resources */,
				83C7986F2789BDFE000F68C1 /* Main.storyboard in Resources */,
				CCFA4BB327AEBD3600F2BB18 /* dingwei.png in Resources */,
				833639CC27C4B76A0020D864 /* weizhi.png in Resources */,
				837B7134279A667100DBD856 /* jia.png in Resources */,
				83C798CD2789C1A6000F68C1 /* 3.jpg in Resources */,
			);
			runOnlyForDeploymentPostprocessing = 0;
		};
		83C7987A2789BE00000F68C1 /* Resources */ = {
			isa = PBXResourcesBuildPhase;
			buildActionMask = 2147483647;
			files = (
			);
			runOnlyForDeploymentPostprocessing = 0;
		};
		83C798842789BE00000F68C1 /* Resources */ = {
			isa = PBXResourcesBuildPhase;
			buildActionMask = 2147483647;
			files = (
			);
			runOnlyForDeploymentPostprocessing = 0;
		};
/* End PBXResourcesBuildPhase section */

/* Begin PBXShellScriptBuildPhase section */
		CE9578C1989DBD37431676F0 /* [CP] Copy Pods Resources */ = {
			isa = PBXShellScriptBuildPhase;
			buildActionMask = 2147483647;
			files = (
			);
			inputFileListPaths = (
				"${PODS_ROOT}/Target Support Files/Pods-YueQiu/Pods-YueQiu-resources-${CONFIGURATION}-input-files.xcfilelist",
			);
			name = "[CP] Copy Pods Resources";
			outputFileListPaths = (
				"${PODS_ROOT}/Target Support Files/Pods-YueQiu/Pods-YueQiu-resources-${CONFIGURATION}-output-files.xcfilelist",
			);
			runOnlyForDeploymentPostprocessing = 0;
			shellPath = /bin/sh;
			shellScript = "\"${PODS_ROOT}/Target Support Files/Pods-YueQiu/Pods-YueQiu-resources.sh\"\n";
			showEnvVarsInLog = 0;
		};
		F2A74A2CF212489896027DBC /* [CP] Check Pods Manifest.lock */ = {
			isa = PBXShellScriptBuildPhase;
			buildActionMask = 2147483647;
			files = (
			);
			inputFileListPaths = (
			);
			inputPaths = (
				"${PODS_PODFILE_DIR_PATH}/Podfile.lock",
				"${PODS_ROOT}/Manifest.lock",
			);
			name = "[CP] Check Pods Manifest.lock";
			outputFileListPaths = (
			);
			outputPaths = (
				"$(DERIVED_FILE_DIR)/Pods-YueQiu-checkManifestLockResult.txt",
			);
			runOnlyForDeploymentPostprocessing = 0;
			shellPath = /bin/sh;
			shellScript = "diff \"${PODS_PODFILE_DIR_PATH}/Podfile.lock\" \"${PODS_ROOT}/Manifest.lock\" > /dev/null\nif [ $? != 0 ] ; then\n    # print error to STDERR\n    echo \"error: The sandbox is not in sync with the Podfile.lock. Run 'pod install' or update your CocoaPods installation.\" >&2\n    exit 1\nfi\n# This output is used by Xcode 'outputs' to avoid re-running this script phase.\necho \"SUCCESS\" > \"${SCRIPT_OUTPUT_FILE_0}\"\n";
			showEnvVarsInLog = 0;
		};
/* End PBXShellScriptBuildPhase section */

/* Begin PBXSourcesBuildPhase section */
		83C7985D2789BDFE000F68C1 /* Sources */ = {
			isa = PBXSourcesBuildPhase;
			buildActionMask = 2147483647;
			files = (
				8325A6612796573C0060E916 /* LandView.m in Sources */,
				83C7986C2789BDFE000F68C1 /* ViewController.m in Sources */,
				CC1A7B2D2789C86C0040B39D /* HomePageTableViewCell.m in Sources */,
				83C798BA2789C0B1000F68C1 /* HomePageUIView.m in Sources */,
				8333B12727C3245300858A48 /* ReserveViewController.m in Sources */,
				83C798BD2789C0CC000F68C1 /* MyViewController.m in Sources */,
				83C798662789BDFE000F68C1 /* AppDelegate.m in Sources */,
				CC89C28927C251B20096C12D /* CourseAndStadiumCell.m in Sources */,
				83255A4C27DC9D7400A37C5F /* UUIDStrengthen.m in Sources */,
				83252C4A27E573AF00BAEAAB /* LandJSONModel.m in Sources */,
				CC43FD1427E35BDF00CB1AE0 /* ForgetJsonModel.m in Sources */,
				8346A8CB27DDB9E500D99BD7 /* SendMessageManager.m in Sources */,
				837B7146279AAD3800DBD856 /* NewsTableViewCell.m in Sources */,
				837B713F279AAAAB00DBD856 /* BoutiqueView.m in Sources */,
				83FB1A5627CA294B005D6292 /* ReleaseGameView.m in Sources */,
				CC89C28627C2518C0096C12D /* MyCollectStadiumView.m in Sources */,
				CC89C28027C2515D0096C12D /* MyCourseViewController.m in Sources */,
				8344FC8D27BE1DE900C534D5 /* RegisterViewController.m in Sources */,
				8344FC8A27BE1DD000C534D5 /* RegisterView.m in Sources */,
				CC89C28327C251770096C12D /* MyCourseView.m in Sources */,
				8333B12427C3244200858A48 /* ReserveView.m in Sources */,
				CCFA4B9727AAF49700F2BB18 /* HQBSearchViewController.m in Sources */,
				83C798B42789C094000F68C1 /* HomePageViewController.m in Sources */,
				8347BCBB278C2FD300466606 /* CourseTableViewCell.m in Sources */,
				83C798772789BE00000F68C1 /* main.m in Sources */,
				CC5ABFF327C4D17E00D548CB /* SettingView.m in Sources */,
				83C798C02789C0D9000F68C1 /* NewsViewController.m in Sources */,
				CC43FD1727E35C1700CB1AE0 /* ForgetManager.m in Sources */,
				CC5ABFF627C4D19700D548CB /* SettingCell.m in Sources */,
				CC89C27D27C2513C0096C12D /* MyCollectStadiumController.m in Sources */,
				CC43FD1E27E366CB00CB1AE0 /* SetPasswordManager.m in Sources */,
				83C798C92789C100000F68C1 /* TrainView.m in Sources */,
				83C798C32789C0ED000F68C1 /* TrainViewController.m in Sources */,
				83C798692789BDFE000F68C1 /* SceneDelegate.m in Sources */,
				8344FC9627BE208C00C534D5 /* ForgetViewController.m in Sources */,
				83370A9827BF8E6300A1889D /* SetPasswordViewController.m in Sources */,
				83C798C62789C0F9000F68C1 /* ShowProjectTableViewCell.m in Sources */,
				8346A8C827DDB9B600D99BD7 /* SendMessageJSONModel.m in Sources */,
				CCFA4B9427AAF3BB00F2BB18 /* HQBSearchView.m in Sources */,
				CC5ABFF927C4D1E000D548CB /* SettingController.m in Sources */,
				837B7142279AAAD000DBD856 /* FollowView.m in Sources */,
				8344FC9327BE207E00C534D5 /* ForgetView.m in Sources */,
				8325A65E2796572A0060E916 /* LandViewController.m in Sources */,
				83370A9127BF8E3200A1889D /* SetPasswordView.m in Sources */,
				CC43FD1B27E366AB00CB1AE0 /* SetPasswordJsonModel.m in Sources */,
				83FB1A5927CA2959005D6292 /* ReleaseGameViewController.m in Sources */,
				CCFA4BA427ABB9EF00F2BB18 /* MyTableViewCell.m in Sources */,
				83C798B72789C0A9000F68C1 /* HomePageMModel.m in Sources */,
				83252C4D27E573C300BAEAAB /* LandModel.m in Sources */,
				8384B4AA2792C34D00282E66 /* CourseDataModel.m in Sources */,
			);
			runOnlyForDeploymentPostprocessing = 0;
		};
		83C798782789BE00000F68C1 /* Sources */ = {
			isa = PBXSourcesBuildPhase;
			buildActionMask = 2147483647;
			files = (
				83C798812789BE00000F68C1 /* YueQiuTests.m in Sources */,
			);
			runOnlyForDeploymentPostprocessing = 0;
		};
		83C798822789BE00000F68C1 /* Sources */ = {
			isa = PBXSourcesBuildPhase;
			buildActionMask = 2147483647;
			files = (
				83C7988D2789BE00000F68C1 /* YueQiuUITestsLaunchTests.m in Sources */,
				83C7988B2789BE00000F68C1 /* YueQiuUITests.m in Sources */,
			);
			runOnlyForDeploymentPostprocessing = 0;
		};
/* End PBXSourcesBuildPhase section */

/* Begin PBXTargetDependency section */
		83C7987E2789BE00000F68C1 /* PBXTargetDependency */ = {
			isa = PBXTargetDependency;
			target = 83C798602789BDFE000F68C1 /* YueQiu */;
			targetProxy = 83C7987D2789BE00000F68C1 /* PBXContainerItemProxy */;
		};
		83C798882789BE00000F68C1 /* PBXTargetDependency */ = {
			isa = PBXTargetDependency;
			target = 83C798602789BDFE000F68C1 /* YueQiu */;
			targetProxy = 83C798872789BE00000F68C1 /* PBXContainerItemProxy */;
		};
/* End PBXTargetDependency section */

/* Begin PBXVariantGroup section */
		83C7986D2789BDFE000F68C1 /* Main.storyboard */ = {
			isa = PBXVariantGroup;
			children = (
				83C7986E2789BDFE000F68C1 /* Base */,
			);
			name = Main.storyboard;
			sourceTree = "<group>";
		};
		83C798722789BE00000F68C1 /* LaunchScreen.storyboard */ = {
			isa = PBXVariantGroup;
			children = (
				83C798732789BE00000F68C1 /* Base */,
			);
			name = LaunchScreen.storyboard;
			sourceTree = "<group>";
		};
/* End PBXVariantGroup section */

/* Begin XCBuildConfiguration section */
		83C7988E2789BE00000F68C1 /* Debug */ = {
			isa = XCBuildConfiguration;
			buildSettings = {
				ALWAYS_SEARCH_USER_PATHS = NO;
				CLANG_ANALYZER_NONNULL = YES;
				CLANG_ANALYZER_NUMBER_OBJECT_CONVERSION = YES_AGGRESSIVE;
				CLANG_CXX_LANGUAGE_STANDARD = "gnu++17";
				CLANG_CXX_LIBRARY = "libc++";
				CLANG_ENABLE_MODULES = YES;
				CLANG_ENABLE_OBJC_ARC = YES;
				CLANG_ENABLE_OBJC_WEAK = YES;
				CLANG_WARN_BLOCK_CAPTURE_AUTORELEASING = YES;
				CLANG_WARN_BOOL_CONVERSION = YES;
				CLANG_WARN_COMMA = YES;
				CLANG_WARN_CONSTANT_CONVERSION = YES;
				CLANG_WARN_DEPRECATED_OBJC_IMPLEMENTATIONS = YES;
				CLANG_WARN_DIRECT_OBJC_ISA_USAGE = YES_ERROR;
				CLANG_WARN_DOCUMENTATION_COMMENTS = YES;
				CLANG_WARN_EMPTY_BODY = YES;
				CLANG_WARN_ENUM_CONVERSION = YES;
				CLANG_WARN_INFINITE_RECURSION = YES;
				CLANG_WARN_INT_CONVERSION = YES;
				CLANG_WARN_NON_LITERAL_NULL_CONVERSION = YES;
				CLANG_WARN_OBJC_IMPLICIT_RETAIN_SELF = YES;
				CLANG_WARN_OBJC_LITERAL_CONVERSION = YES;
				CLANG_WARN_OBJC_ROOT_CLASS = YES_ERROR;
				CLANG_WARN_QUOTED_INCLUDE_IN_FRAMEWORK_HEADER = YES;
				CLANG_WARN_RANGE_LOOP_ANALYSIS = YES;
				CLANG_WARN_STRICT_PROTOTYPES = YES;
				CLANG_WARN_SUSPICIOUS_MOVE = YES;
				CLANG_WARN_UNGUARDED_AVAILABILITY = YES_AGGRESSIVE;
				CLANG_WARN_UNREACHABLE_CODE = YES;
				CLANG_WARN__DUPLICATE_METHOD_MATCH = YES;
				COPY_PHASE_STRIP = NO;
				DEBUG_INFORMATION_FORMAT = dwarf;
				ENABLE_STRICT_OBJC_MSGSEND = YES;
				ENABLE_TESTABILITY = YES;
				GCC_C_LANGUAGE_STANDARD = gnu11;
				GCC_DYNAMIC_NO_PIC = NO;
				GCC_NO_COMMON_BLOCKS = YES;
				GCC_OPTIMIZATION_LEVEL = 0;
				GCC_PREPROCESSOR_DEFINITIONS = (
					"DEBUG=1",
					"$(inherited)",
				);
				GCC_WARN_64_TO_32_BIT_CONVERSION = YES;
				GCC_WARN_ABOUT_RETURN_TYPE = YES_ERROR;
				GCC_WARN_UNDECLARED_SELECTOR = YES;
				GCC_WARN_UNINITIALIZED_AUTOS = YES_AGGRESSIVE;
				GCC_WARN_UNUSED_FUNCTION = YES;
				GCC_WARN_UNUSED_VARIABLE = YES;
				IPHONEOS_DEPLOYMENT_TARGET = 15.0;
				MTL_ENABLE_DEBUG_INFO = INCLUDE_SOURCE;
				MTL_FAST_MATH = YES;
				ONLY_ACTIVE_ARCH = YES;
				SDKROOT = iphoneos;
			};
			name = Debug;
		};
		83C7988F2789BE00000F68C1 /* Release */ = {
			isa = XCBuildConfiguration;
			buildSettings = {
				ALWAYS_SEARCH_USER_PATHS = NO;
				CLANG_ANALYZER_NONNULL = YES;
				CLANG_ANALYZER_NUMBER_OBJECT_CONVERSION = YES_AGGRESSIVE;
				CLANG_CXX_LANGUAGE_STANDARD = "gnu++17";
				CLANG_CXX_LIBRARY = "libc++";
				CLANG_ENABLE_MODULES = YES;
				CLANG_ENABLE_OBJC_ARC = YES;
				CLANG_ENABLE_OBJC_WEAK = YES;
				CLANG_WARN_BLOCK_CAPTURE_AUTORELEASING = YES;
				CLANG_WARN_BOOL_CONVERSION = YES;
				CLANG_WARN_COMMA = YES;
				CLANG_WARN_CONSTANT_CONVERSION = YES;
				CLANG_WARN_DEPRECATED_OBJC_IMPLEMENTATIONS = YES;
				CLANG_WARN_DIRECT_OBJC_ISA_USAGE = YES_ERROR;
				CLANG_WARN_DOCUMENTATION_COMMENTS = YES;
				CLANG_WARN_EMPTY_BODY = YES;
				CLANG_WARN_ENUM_CONVERSION = YES;
				CLANG_WARN_INFINITE_RECURSION = YES;
				CLANG_WARN_INT_CONVERSION = YES;
				CLANG_WARN_NON_LITERAL_NULL_CONVERSION = YES;
				CLANG_WARN_OBJC_IMPLICIT_RETAIN_SELF = YES;
				CLANG_WARN_OBJC_LITERAL_CONVERSION = YES;
				CLANG_WARN_OBJC_ROOT_CLASS = YES_ERROR;
				CLANG_WARN_QUOTED_INCLUDE_IN_FRAMEWORK_HEADER = YES;
				CLANG_WARN_RANGE_LOOP_ANALYSIS = YES;
				CLANG_WARN_STRICT_PROTOTYPES = YES;
				CLANG_WARN_SUSPICIOUS_MOVE = YES;
				CLANG_WARN_UNGUARDED_AVAILABILITY = YES_AGGRESSIVE;
				CLANG_WARN_UNREACHABLE_CODE = YES;
				CLANG_WARN__DUPLICATE_METHOD_MATCH = YES;
				COPY_PHASE_STRIP = NO;
				DEBUG_INFORMATION_FORMAT = "dwarf-with-dsym";
				ENABLE_NS_ASSERTIONS = NO;
				ENABLE_STRICT_OBJC_MSGSEND = YES;
				GCC_C_LANGUAGE_STANDARD = gnu11;
				GCC_NO_COMMON_BLOCKS = YES;
				GCC_WARN_64_TO_32_BIT_CONVERSION = YES;
				GCC_WARN_ABOUT_RETURN_TYPE = YES_ERROR;
				GCC_WARN_UNDECLARED_SELECTOR = YES;
				GCC_WARN_UNINITIALIZED_AUTOS = YES_AGGRESSIVE;
				GCC_WARN_UNUSED_FUNCTION = YES;
				GCC_WARN_UNUSED_VARIABLE = YES;
				IPHONEOS_DEPLOYMENT_TARGET = 15.0;
				MTL_ENABLE_DEBUG_INFO = NO;
				MTL_FAST_MATH = YES;
				SDKROOT = iphoneos;
				VALIDATE_PRODUCT = YES;
			};
			name = Release;
		};
		83C798912789BE00000F68C1 /* Debug */ = {
			isa = XCBuildConfiguration;
			baseConfigurationReference = 5EC636371D8C5092569DC7A8 /* Pods-YueQiu.debug.xcconfig */;
			buildSettings = {
				ASSETCATALOG_COMPILER_APPICON_NAME = AppIcon;
				ASSETCATALOG_COMPILER_GLOBAL_ACCENT_COLOR_NAME = AccentColor;
				CODE_SIGN_STYLE = Automatic;
				CURRENT_PROJECT_VERSION = 1;
				DEVELOPMENT_TEAM = ZBXPJ2367M;
				GENERATE_INFOPLIST_FILE = YES;
				INFOPLIST_FILE = YueQiu/Info.plist;
				INFOPLIST_KEY_NSLocationAlwaysUsageDescription = "";
				INFOPLIST_KEY_NSLocationUsageDescription = "";
				INFOPLIST_KEY_NSLocationWhenInUseUsageDescription = "";
				INFOPLIST_KEY_UIApplicationSupportsIndirectInputEvents = YES;
				INFOPLIST_KEY_UILaunchStoryboardName = LaunchScreen;
				INFOPLIST_KEY_UIMainStoryboardFile = Main;
				INFOPLIST_KEY_UISupportedInterfaceOrientations_iPad = "UIInterfaceOrientationPortrait UIInterfaceOrientationPortraitUpsideDown UIInterfaceOrientationLandscapeLeft UIInterfaceOrientationLandscapeRight";
				INFOPLIST_KEY_UISupportedInterfaceOrientations_iPhone = "UIInterfaceOrientationPortrait UIInterfaceOrientationLandscapeLeft UIInterfaceOrientationLandscapeRight";
				IPHONEOS_DEPLOYMENT_TARGET = 15.2;
				LD_RUNPATH_SEARCH_PATHS = (
					"$(inherited)",
					"@executable_path/Frameworks",
				);
				MARKETING_VERSION = 1.0;
				PRODUCT_BUNDLE_IDENTIFIER = "com.myprogram.YueQiu-";
				PRODUCT_NAME = "$(TARGET_NAME)";
				SWIFT_EMIT_LOC_STRINGS = YES;
				TARGETED_DEVICE_FAMILY = "1,2";
			};
			name = Debug;
		};
		83C798922789BE00000F68C1 /* Release */ = {
			isa = XCBuildConfiguration;
			baseConfigurationReference = 345100254D96E374567F3D9D /* Pods-YueQiu.release.xcconfig */;
			buildSettings = {
				ASSETCATALOG_COMPILER_APPICON_NAME = AppIcon;
				ASSETCATALOG_COMPILER_GLOBAL_ACCENT_COLOR_NAME = AccentColor;
				CODE_SIGN_STYLE = Automatic;
				CURRENT_PROJECT_VERSION = 1;
				DEVELOPMENT_TEAM = ZBXPJ2367M;
				GENERATE_INFOPLIST_FILE = YES;
				INFOPLIST_FILE = YueQiu/Info.plist;
				INFOPLIST_KEY_NSLocationAlwaysUsageDescription = "";
				INFOPLIST_KEY_NSLocationUsageDescription = "";
				INFOPLIST_KEY_NSLocationWhenInUseUsageDescription = "";
				INFOPLIST_KEY_UIApplicationSupportsIndirectInputEvents = YES;
				INFOPLIST_KEY_UILaunchStoryboardName = LaunchScreen;
				INFOPLIST_KEY_UIMainStoryboardFile = Main;
				INFOPLIST_KEY_UISupportedInterfaceOrientations_iPad = "UIInterfaceOrientationPortrait UIInterfaceOrientationPortraitUpsideDown UIInterfaceOrientationLandscapeLeft UIInterfaceOrientationLandscapeRight";
				INFOPLIST_KEY_UISupportedInterfaceOrientations_iPhone = "UIInterfaceOrientationPortrait UIInterfaceOrientationLandscapeLeft UIInterfaceOrientationLandscapeRight";
				IPHONEOS_DEPLOYMENT_TARGET = 15.2;
				LD_RUNPATH_SEARCH_PATHS = (
					"$(inherited)",
					"@executable_path/Frameworks",
				);
				MARKETING_VERSION = 1.0;
				PRODUCT_BUNDLE_IDENTIFIER = "com.myprogram.YueQiu-";
				PRODUCT_NAME = "$(TARGET_NAME)";
				SWIFT_EMIT_LOC_STRINGS = YES;
				TARGETED_DEVICE_FAMILY = "1,2";
			};
			name = Release;
		};
		83C798942789BE00000F68C1 /* Debug */ = {
			isa = XCBuildConfiguration;
			buildSettings = {
				BUNDLE_LOADER = "$(TEST_HOST)";
				CODE_SIGN_STYLE = Automatic;
				CURRENT_PROJECT_VERSION = 1;
				DEVELOPMENT_TEAM = ZBXPJ2367M;
				GENERATE_INFOPLIST_FILE = YES;
				IPHONEOS_DEPLOYMENT_TARGET = 15.0;
				LD_RUNPATH_SEARCH_PATHS = (
					"$(inherited)",
					"@executable_path/Frameworks",
					"@loader_path/Frameworks",
				);
				MARKETING_VERSION = 1.0;
				PRODUCT_BUNDLE_IDENTIFIER = com.myprogram.YueQiuTests;
				PRODUCT_NAME = "$(TARGET_NAME)";
				SWIFT_EMIT_LOC_STRINGS = NO;
				TARGETED_DEVICE_FAMILY = "1,2";
				TEST_HOST = "$(BUILT_PRODUCTS_DIR)/YueQiu.app/YueQiu";
			};
			name = Debug;
		};
		83C798952789BE00000F68C1 /* Release */ = {
			isa = XCBuildConfiguration;
			buildSettings = {
				BUNDLE_LOADER = "$(TEST_HOST)";
				CODE_SIGN_STYLE = Automatic;
				CURRENT_PROJECT_VERSION = 1;
				DEVELOPMENT_TEAM = ZBXPJ2367M;
				GENERATE_INFOPLIST_FILE = YES;
				IPHONEOS_DEPLOYMENT_TARGET = 15.0;
				LD_RUNPATH_SEARCH_PATHS = (
					"$(inherited)",
					"@executable_path/Frameworks",
					"@loader_path/Frameworks",
				);
				MARKETING_VERSION = 1.0;
				PRODUCT_BUNDLE_IDENTIFIER = com.myprogram.YueQiuTests;
				PRODUCT_NAME = "$(TARGET_NAME)";
				SWIFT_EMIT_LOC_STRINGS = NO;
				TARGETED_DEVICE_FAMILY = "1,2";
				TEST_HOST = "$(BUILT_PRODUCTS_DIR)/YueQiu.app/YueQiu";
			};
			name = Release;
		};
		83C798972789BE00000F68C1 /* Debug */ = {
			isa = XCBuildConfiguration;
			buildSettings = {
				CODE_SIGN_STYLE = Automatic;
				CURRENT_PROJECT_VERSION = 1;
				DEVELOPMENT_TEAM = ZBXPJ2367M;
				GENERATE_INFOPLIST_FILE = YES;
				LD_RUNPATH_SEARCH_PATHS = (
					"$(inherited)",
					"@executable_path/Frameworks",
					"@loader_path/Frameworks",
				);
				MARKETING_VERSION = 1.0;
				PRODUCT_BUNDLE_IDENTIFIER = com.myprogram.YueQiuUITests;
				PRODUCT_NAME = "$(TARGET_NAME)";
				SWIFT_EMIT_LOC_STRINGS = NO;
				TARGETED_DEVICE_FAMILY = "1,2";
				TEST_TARGET_NAME = YueQiu;
			};
			name = Debug;
		};
		83C798982789BE00000F68C1 /* Release */ = {
			isa = XCBuildConfiguration;
			buildSettings = {
				CODE_SIGN_STYLE = Automatic;
				CURRENT_PROJECT_VERSION = 1;
				DEVELOPMENT_TEAM = ZBXPJ2367M;
				GENERATE_INFOPLIST_FILE = YES;
				LD_RUNPATH_SEARCH_PATHS = (
					"$(inherited)",
					"@executable_path/Frameworks",
					"@loader_path/Frameworks",
				);
				MARKETING_VERSION = 1.0;
				PRODUCT_BUNDLE_IDENTIFIER = com.myprogram.YueQiuUITests;
				PRODUCT_NAME = "$(TARGET_NAME)";
				SWIFT_EMIT_LOC_STRINGS = NO;
				TARGETED_DEVICE_FAMILY = "1,2";
				TEST_TARGET_NAME = YueQiu;
			};
			name = Release;
		};
/* End XCBuildConfiguration section */

/* Begin XCConfigurationList section */
		83C7985C2789BDFE000F68C1 /* Build configuration list for PBXProject "YueQiu" */ = {
			isa = XCConfigurationList;
			buildConfigurations = (
				83C7988E2789BE00000F68C1 /* Debug */,
				83C7988F2789BE00000F68C1 /* Release */,
			);
			defaultConfigurationIsVisible = 0;
			defaultConfigurationName = Release;
		};
		83C798902789BE00000F68C1 /* Build configuration list for PBXNativeTarget "YueQiu" */ = {
			isa = XCConfigurationList;
			buildConfigurations = (
				83C798912789BE00000F68C1 /* Debug */,
				83C798922789BE00000F68C1 /* Release */,
			);
			defaultConfigurationIsVisible = 0;
			defaultConfigurationName = Release;
		};
		83C798932789BE00000F68C1 /* Build configuration list for PBXNativeTarget "YueQiuTests" */ = {
			isa = XCConfigurationList;
			buildConfigurations = (
				83C798942789BE00000F68C1 /* Debug */,
				83C798952789BE00000F68C1 /* Release */,
			);
			defaultConfigurationIsVisible = 0;
			defaultConfigurationName = Release;
		};
		83C798962789BE00000F68C1 /* Build configuration list for PBXNativeTarget "YueQiuUITests" */ = {
			isa = XCConfigurationList;
			buildConfigurations = (
				83C798972789BE00000F68C1 /* Debug */,
				83C798982789BE00000F68C1 /* Release */,
			);
			defaultConfigurationIsVisible = 0;
			defaultConfigurationName = Release;
		};
/* End XCConfigurationList section */
	};
	rootObject = 83C798592789BDFE000F68C1 /* Project object */;
}
